<?xml version="1.0"?>
<CONFIG>
  <ProjectOptions>
    <Version Value="9"/>
    <PathDelim Value="\"/>
    <General>
      <Flags>
        <LRSInOutputDirectory Value="False"/>
      </Flags>
      <MainUnit Value="0"/>
      <Title Value="lysee_ym"/>
      <ActiveWindowIndexAtStart Value="0"/>
    </General>
    <VersionInfo>
      <UseVersionInfo Value="True"/>
      <AutoIncrementBuild Value="True"/>
      <MajorVersionNr Value="1"/>
      <MinorVersionNr Value="2"/>
      <RevisionNr Value="1"/>
      <BuildNr Value="372"/>
      <StringTable FileDescription="year-month module" LegalCopyright="Copyright (C) 2003-2010 li yun jie <libudi@hotmail.com>" ProductVersion="0.1.1.315"/>
    </VersionInfo>
    <BuildModes Count="1">
      <Item1 Name="default" Default="True"/>
    </BuildModes>
    <PublishOptions>
      <Version Value="2"/>
      <DestinationDirectory Value="$(TestDir)\publishedproject\"/>
      <IgnoreBinaries Value="False"/>
      <IncludeFileFilter Value="*.(pas|pp|inc|lfm|lpr|lrs|lpi|lpk|sh|xml)"/>
      <ExcludeFileFilter Value="*.(bak|ppu|ppw|o|so);*~;backup"/>
    </PublishOptions>
    <RunParams>
      <local>
        <FormatVersion Value="1"/>
        <LaunchingApplication PathPlusParams="\usr\X11R6\bin\xterm -T 'Lazarus Run Output' -e $(LazarusDir)\tools\runwait.sh $(TargetCmdLine)"/>
      </local>
    </RunParams>
    <Units Count="12">
      <Unit0>
        <Filename Value="lysee_ym.lpr"/>
        <IsPartOfProject Value="True"/>
        <UnitName Value="lysee_ym"/>
        <IsVisibleTab Value="True"/>
        <EditorIndex Value="0"/>
        <WindowIndex Value="0"/>
        <TopLine Value="90"/>
        <CursorPos X="1" Y="114"/>
        <UsageCount Value="23"/>
        <Loaded Value="True"/>
        <LoadedDesigner Value="True"/>
      </Unit0>
      <Unit1>
        <Filename Value="D:\Develop\lazarus\fpc\2.2.2\source\packages\fcl-base\examples\testunzip.pp"/>
        <UnitName Value="testunzip"/>
        <TopLine Value="9"/>
        <CursorPos X="17" Y="26"/>
        <UsageCount Value="10"/>
      </Unit1>
      <Unit2>
        <Filename Value="D:\Develop\lazarus\fpc\2.2.2\source\packages\fcl-base\examples\testzip.pp"/>
        <UnitName Value="testzip"/>
        <TopLine Value="13"/>
        <CursorPos X="9" Y="28"/>
        <UsageCount Value="10"/>
      </Unit2>
      <Unit3>
        <Filename Value="D:\Develop\lazarus\fpc\2.2.2\source\packages\paszlib\src\zipper.pp"/>
        <UnitName Value="zipper"/>
        <TopLine Value="284"/>
        <CursorPos X="15" Y="298"/>
        <UsageCount Value="10"/>
      </Unit3>
      <Unit4>
        <Filename Value="..\fpc\zipper\zipper_funcs.pas"/>
        <UnitName Value="zipper_funcs"/>
        <TopLine Value="110"/>
        <CursorPos X="3" Y="133"/>
        <UsageCount Value="21"/>
      </Unit4>
      <Unit5>
        <Filename Value="..\lseu.pas"/>
        <IsPartOfProject Value="True"/>
        <UnitName Value="lseu"/>
        <TopLine Value="3823"/>
        <CursorPos X="3" Y="3825"/>
        <UsageCount Value="23"/>
      </Unit5>
      <Unit6>
        <Filename Value="D:\Developments\lazarus\fpc\2.2.2\source\packages\paszlib\src\zipper.pp"/>
        <UnitName Value="zipper"/>
        <TopLine Value="1038"/>
        <CursorPos X="4" Y="1062"/>
        <UsageCount Value="10"/>
      </Unit6>
      <Unit7>
        <Filename Value="lysee_zipper_funcs.pas"/>
        <UnitName Value="lysee_zipper_funcs"/>
        <TopLine Value="120"/>
        <CursorPos X="1" Y="143"/>
        <UsageCount Value="22"/>
      </Unit7>
      <Unit8>
        <Filename Value="D:\Developments\lazarus\fpc\2.2.4\source\packages\paszlib\src\zipper.pp"/>
        <UnitName Value="zipper"/>
        <TopLine Value="1409"/>
        <CursorPos X="3" Y="1422"/>
        <UsageCount Value="11"/>
      </Unit8>
      <Unit9>
        <Filename Value="lysee_ym_funcs.pas"/>
        <UnitName Value="lysee_ym_funcs"/>
        <WindowIndex Value="0"/>
        <TopLine Value="41"/>
        <CursorPos X="1" Y="56"/>
        <UsageCount Value="20"/>
      </Unit9>
      <Unit10>
        <Filename Value="..\lse_api.pas"/>
        <UnitName Value="lse_api"/>
        <TopLine Value="4809"/>
        <CursorPos X="1" Y="4820"/>
        <UsageCount Value="10"/>
      </Unit10>
      <Unit11>
        <Filename Value="..\lse_funcs.pas"/>
        <IsPartOfProject Value="True"/>
        <UnitName Value="lse_funcs"/>
        <TopLine Value="700"/>
        <CursorPos X="10" Y="709"/>
        <UsageCount Value="20"/>
      </Unit11>
    </Units>
    <JumpHistory Count="4" HistoryIndex="3">
      <Position1>
        <Filename Value="lysee_ym.lpr"/>
        <Caret Line="6" Column="34" TopLine="1"/>
      </Position1>
      <Position2>
        <Filename Value="lysee_ym.lpr"/>
        <Caret Line="45" Column="25" TopLine="33"/>
      </Position2>
      <Position3>
        <Filename Value="lysee_ym.lpr"/>
        <Caret Line="52" Column="35" TopLine="43"/>
      </Position3>
      <Position4>
        <Filename Value="lysee_ym.lpr"/>
        <Caret Line="85" Column="38" TopLine="72"/>
      </Position4>
    </JumpHistory>
  </ProjectOptions>
  <CompilerOptions>
    <Version Value="9"/>
    <PathDelim Value="\"/>
    <SearchPaths>
      <OtherUnitFiles Value="D:\budi\lysee\lse\lysee\"/>
    </SearchPaths>
    <Parsing>
      <SyntaxOptions>
        <CStyleOperator Value="False"/>
        <UseAnsiStrings Value="False"/>
      </SyntaxOptions>
    </Parsing>
    <CodeGeneration>
      <SmartLinkUnit Value="True"/>
      <Optimizations>
        <VariablesInRegisters Value="True"/>
        <OptimizationLevel Value="2"/>
      </Optimizations>
    </CodeGeneration>
    <Linking>
      <Debugging>
        <UseLineInfoUnit Value="False"/>
        <StripSymbols Value="True"/>
      </Debugging>
      <LinkSmart Value="True"/>
      <Options>
        <ExecutableType Value="Library"/>
      </Options>
    </Linking>
    <Other>
      <WriteFPCLogo Value="False"/>
      <CompilerPath Value="$(CompPath)"/>
    </Other>
  </CompilerOptions>
  <Debugging>
    <Exceptions Count="2">
      <Item1>
        <Name Value="ECodetoolError"/>
      </Item1>
      <Item2>
        <Name Value="EFOpenError"/>
      </Item2>
    </Exceptions>
  </Debugging>
</CONFIG>
