<?xml version="1.0"?>
<CONFIG>
  <ProjectOptions>
    <Version Value="9"/>
    <PathDelim Value="\"/>
    <General>
      <Flags>
        <LRSInOutputDirectory Value="False"/>
      </Flags>
      <MainUnit Value="0"/>
      <Title Value="lysee_strutils"/>
      <ActiveWindowIndexAtStart Value="0"/>
    </General>
    <VersionInfo>
      <UseVersionInfo Value="True"/>
      <AutoIncrementBuild Value="True"/>
      <MajorVersionNr Value="1"/>
      <MinorVersionNr Value="2"/>
      <RevisionNr Value="1"/>
      <BuildNr Value="392"/>
      <StringTable FileDescription="string processing objects" LegalCopyright="Copyright (C) 2003-2010 li yun jie <libudi@hotmail.com>" ProductVersion="1.1.1.306"/>
    </VersionInfo>
    <BuildModes Count="1">
      <Item1 Name="default" Default="True"/>
    </BuildModes>
    <PublishOptions>
      <Version Value="2"/>
      <DestinationDirectory Value="$(TestDir)\publishedproject\"/>
      <IgnoreBinaries Value="False"/>
      <IncludeFileFilter Value="*.(pas|pp|inc|lfm|lpr|lrs|lpi|lpk|sh|xml)"/>
      <ExcludeFileFilter Value="*.(bak|ppu|ppw|o|so);*~;backup"/>
    </PublishOptions>
    <RunParams>
      <local>
        <FormatVersion Value="1"/>
        <LaunchingApplication PathPlusParams="\usr\X11R6\bin\xterm -T 'Lazarus Run Output' -e $(LazarusDir)\tools\runwait.sh $(TargetCmdLine)"/>
      </local>
    </RunParams>
    <Units Count="10">
      <Unit0>
        <Filename Value="lysee_strutils.lpr"/>
        <IsPartOfProject Value="True"/>
        <UnitName Value="lysee_strutils"/>
        <IsVisibleTab Value="True"/>
        <EditorIndex Value="0"/>
        <WindowIndex Value="0"/>
        <TopLine Value="10"/>
        <CursorPos X="1" Y="24"/>
        <UsageCount Value="26"/>
        <Loaded Value="True"/>
        <LoadedDesigner Value="True"/>
      </Unit0>
      <Unit1>
        <Filename Value="..\fpc\dbv\ib.pp"/>
        <UnitName Value="ib"/>
        <TopLine Value="51"/>
        <CursorPos X="17" Y="79"/>
        <UsageCount Value="20"/>
      </Unit1>
      <Unit2>
        <Filename Value="..\lseu.pas"/>
        <IsPartOfProject Value="True"/>
        <UnitName Value="lseu"/>
        <EditorIndex Value="2"/>
        <WindowIndex Value="0"/>
        <TopLine Value="1088"/>
        <CursorPos X="3" Y="1092"/>
        <UsageCount Value="26"/>
        <Loaded Value="True"/>
      </Unit2>
      <Unit3>
        <Filename Value="..\lse_dbu.pas"/>
        <UnitName Value="lse_dbu"/>
        <TopLine Value="130"/>
        <CursorPos X="70" Y="129"/>
        <UsageCount Value="20"/>
      </Unit3>
      <Unit4>
        <Filename Value="..\fpc\dbv\body.inc"/>
        <TopLine Value="80"/>
        <CursorPos X="23" Y="94"/>
        <UsageCount Value="10"/>
      </Unit4>
      <Unit5>
        <Filename Value="..\fpc\dbv\head.inc"/>
        <TopLine Value="6"/>
        <CursorPos X="1" Y="13"/>
        <UsageCount Value="10"/>
      </Unit5>
      <Unit6>
        <Filename Value="lysee_syncobj_funcs.pas"/>
        <UnitName Value="lysee_syncobj_funcs"/>
        <TopLine Value="80"/>
        <CursorPos X="25" Y="107"/>
        <UsageCount Value="20"/>
      </Unit6>
      <Unit7>
        <Filename Value="lysee_strutils_funcs.pas"/>
        <IsPartOfProject Value="True"/>
        <UnitName Value="lysee_strutils_funcs"/>
        <EditorIndex Value="1"/>
        <WindowIndex Value="0"/>
        <TopLine Value="440"/>
        <CursorPos X="41" Y="452"/>
        <UsageCount Value="26"/>
        <Loaded Value="True"/>
      </Unit7>
      <Unit8>
        <Filename Value="..\lse_funcs.pas"/>
        <IsPartOfProject Value="True"/>
        <UnitName Value="lse_funcs"/>
        <TopLine Value="473"/>
        <CursorPos X="21" Y="479"/>
        <UsageCount Value="26"/>
      </Unit8>
      <Unit9>
        <Filename Value="..\lse_kernel.pas"/>
        <UnitName Value="lse_kernel"/>
        <EditorIndex Value="3"/>
        <WindowIndex Value="0"/>
        <TopLine Value="7018"/>
        <CursorPos X="3" Y="7022"/>
        <UsageCount Value="10"/>
        <Loaded Value="True"/>
      </Unit9>
    </Units>
    <JumpHistory Count="30" HistoryIndex="29">
      <Position1>
        <Filename Value="lysee_strutils_funcs.pas"/>
        <Caret Line="806" Column="1" TopLine="782"/>
      </Position1>
      <Position2>
        <Filename Value="lysee_strutils_funcs.pas"/>
        <Caret Line="804" Column="1" TopLine="780"/>
      </Position2>
      <Position3>
        <Filename Value="lysee_strutils_funcs.pas"/>
        <Caret Line="810" Column="1" TopLine="792"/>
      </Position3>
      <Position4>
        <Filename Value="lysee_strutils_funcs.pas"/>
        <Caret Line="373" Column="35" TopLine="362"/>
      </Position4>
      <Position5>
        <Filename Value="lysee_strutils_funcs.pas"/>
        <Caret Line="383" Column="28" TopLine="363"/>
      </Position5>
      <Position6>
        <Filename Value="..\lseu.pas"/>
        <Caret Line="44" Column="1" TopLine="37"/>
      </Position6>
      <Position7>
        <Filename Value="lysee_strutils_funcs.pas"/>
        <Caret Line="384" Column="27" TopLine="361"/>
      </Position7>
      <Position8>
        <Filename Value="lysee_strutils_funcs.pas"/>
        <Caret Line="381" Column="29" TopLine="372"/>
      </Position8>
      <Position9>
        <Filename Value="lysee_strutils_funcs.pas"/>
        <Caret Line="828" Column="1" TopLine="815"/>
      </Position9>
      <Position10>
        <Filename Value="lysee_strutils_funcs.pas"/>
        <Caret Line="824" Column="34" TopLine="815"/>
      </Position10>
      <Position11>
        <Filename Value="lysee_strutils_funcs.pas"/>
        <Caret Line="245" Column="28" TopLine="229"/>
      </Position11>
      <Position12>
        <Filename Value="lysee_strutils_funcs.pas"/>
        <Caret Line="121" Column="1" TopLine="108"/>
      </Position12>
      <Position13>
        <Filename Value="lysee_strutils_funcs.pas"/>
        <Caret Line="268" Column="27" TopLine="254"/>
      </Position13>
      <Position14>
        <Filename Value="lysee_strutils_funcs.pas"/>
        <Caret Line="933" Column="32" TopLine="928"/>
      </Position14>
      <Position15>
        <Filename Value="lysee_strutils_funcs.pas"/>
        <Caret Line="325" Column="10" TopLine="313"/>
      </Position15>
      <Position16>
        <Filename Value="lysee_strutils_funcs.pas"/>
        <Caret Line="337" Column="27" TopLine="325"/>
      </Position16>
      <Position17>
        <Filename Value="lysee_strutils_funcs.pas"/>
        <Caret Line="315" Column="37" TopLine="303"/>
      </Position17>
      <Position18>
        <Filename Value="lysee_strutils_funcs.pas"/>
        <Caret Line="672" Column="37" TopLine="672"/>
      </Position18>
      <Position19>
        <Filename Value="lysee_strutils_funcs.pas"/>
        <Caret Line="338" Column="25" TopLine="326"/>
      </Position19>
      <Position20>
        <Filename Value="lysee_strutils_funcs.pas"/>
        <Caret Line="316" Column="51" TopLine="304"/>
      </Position20>
      <Position21>
        <Filename Value="lysee_strutils_funcs.pas"/>
        <Caret Line="320" Column="86" TopLine="304"/>
      </Position21>
      <Position22>
        <Filename Value="lysee_strutils_funcs.pas"/>
        <Caret Line="803" Column="72" TopLine="783"/>
      </Position22>
      <Position23>
        <Filename Value="lysee_strutils_funcs.pas"/>
        <Caret Line="344" Column="1" TopLine="332"/>
      </Position23>
      <Position24>
        <Filename Value="lysee_strutils_funcs.pas"/>
        <Caret Line="359" Column="32" TopLine="348"/>
      </Position24>
      <Position25>
        <Filename Value="..\lseu.pas"/>
        <Caret Line="175" Column="1" TopLine="169"/>
      </Position25>
      <Position26>
        <Filename Value="..\lseu.pas"/>
        <Caret Line="1" Column="1" TopLine="1"/>
      </Position26>
      <Position27>
        <Filename Value="lysee_strutils_funcs.pas"/>
        <Caret Line="682" Column="30" TopLine="670"/>
      </Position27>
      <Position28>
        <Filename Value="lysee_strutils_funcs.pas"/>
        <Caret Line="733" Column="32" TopLine="721"/>
      </Position28>
      <Position29>
        <Filename Value="lysee_strutils_funcs.pas"/>
        <Caret Line="773" Column="7" TopLine="761"/>
      </Position29>
      <Position30>
        <Filename Value="lysee_strutils_funcs.pas"/>
        <Caret Line="813" Column="32" TopLine="801"/>
      </Position30>
    </JumpHistory>
  </ProjectOptions>
  <CompilerOptions>
    <Version Value="9"/>
    <PathDelim Value="\"/>
    <SearchPaths>
      <OtherUnitFiles Value=".."/>
    </SearchPaths>
    <Parsing>
      <SyntaxOptions>
        <CStyleOperator Value="False"/>
        <UseAnsiStrings Value="False"/>
      </SyntaxOptions>
    </Parsing>
    <CodeGeneration>
      <SmartLinkUnit Value="True"/>
      <Optimizations>
        <VariablesInRegisters Value="True"/>
        <OptimizationLevel Value="2"/>
      </Optimizations>
    </CodeGeneration>
    <Linking>
      <Debugging>
        <UseLineInfoUnit Value="False"/>
        <StripSymbols Value="True"/>
      </Debugging>
      <LinkSmart Value="True"/>
      <Options>
        <ExecutableType Value="Library"/>
      </Options>
    </Linking>
    <Other>
      <WriteFPCLogo Value="False"/>
      <CompilerPath Value="$(CompPath)"/>
    </Other>
  </CompilerOptions>
  <Debugging>
    <Exceptions Count="2">
      <Item1>
        <Name Value="ECodetoolError"/>
      </Item1>
      <Item2>
        <Name Value="EFOpenError"/>
      </Item2>
    </Exceptions>
  </Debugging>
</CONFIG>
