<?xml version="1.0"?>
<CONFIG>
  <ProjectOptions>
    <Version Value="9"/>
    <PathDelim Value="\"/>
    <General>
      <Flags>
        <LRSInOutputDirectory Value="False"/>
      </Flags>
      <MainUnit Value="0"/>
      <Icon Value="0"/>
      <ActiveWindowIndexAtStart Value="0"/>
    </General>
    <VersionInfo>
      <UseVersionInfo Value="True"/>
      <AutoIncrementBuild Value="True"/>
      <MajorVersionNr Value="2"/>
      <BuildNr Value="527"/>
      <StringTable FileDescription="lysee PAD (FPC)" LegalCopyright="Copyright (C) 2003-2010 li yun jie <libudi@hotmail.com>" ProductVersion="1.1.1.307"/>
    </VersionInfo>
    <BuildModes Count="1">
      <Item1 Name="default" Default="True"/>
    </BuildModes>
    <PublishOptions>
      <Version Value="2"/>
      <IgnoreBinaries Value="False"/>
      <IncludeFileFilter Value="*.(pas|pp|inc|lfm|lpr|lrs|lpi|lpk|sh|xml)"/>
      <ExcludeFileFilter Value="*.(bak|ppu|ppw|o|so);*~;backup"/>
    </PublishOptions>
    <RunParams>
      <local>
        <FormatVersion Value="1"/>
        <LaunchingApplication PathPlusParams="\usr\X11R6\bin\xterm -T 'Lazarus Run Output' -e $(LazarusDir)\tools\runwait.sh $(TargetCmdLine)"/>
      </local>
    </RunParams>
    <RequiredPackages Count="2">
      <Item1>
        <PackageName Value="SynEdit"/>
        <MinVersion Major="1" Valid="True"/>
      </Item1>
      <Item2>
        <PackageName Value="LCL"/>
      </Item2>
    </RequiredPackages>
    <Units Count="70">
      <Unit0>
        <Filename Value="lysee_pad_fpc.lpr"/>
        <IsPartOfProject Value="True"/>
        <UnitName Value="lysee_pad_fpc"/>
        <EditorIndex Value="1"/>
        <WindowIndex Value="0"/>
        <TopLine Value="40"/>
        <CursorPos X="1" Y="59"/>
        <UsageCount Value="53"/>
        <Loaded Value="True"/>
      </Unit0>
      <Unit1>
        <Filename Value="lse_pad_fpc.pas"/>
        <IsPartOfProject Value="True"/>
        <ComponentName Value="LspadForm"/>
        <ResourceBaseClass Value="Form"/>
        <UnitName Value="lse_pad_fpc"/>
        <IsVisibleTab Value="True"/>
        <EditorIndex Value="0"/>
        <WindowIndex Value="0"/>
        <TopLine Value="460"/>
        <CursorPos X="1" Y="472"/>
        <UsageCount Value="53"/>
        <Loaded Value="True"/>
        <LoadedDesigner Value="True"/>
      </Unit1>
      <Unit2>
        <Filename Value="..\..\Develop\lazarus\components\synedit\synedit.pp"/>
        <UnitName Value="SynEdit"/>
        <TopLine Value="824"/>
        <CursorPos X="29" Y="838"/>
        <UsageCount Value="11"/>
      </Unit2>
      <Unit3>
        <Filename Value="..\..\Develop\lazarus\components\synedit\synmemo.pas"/>
        <UnitName Value="SynMemo"/>
        <TopLine Value="159"/>
        <CursorPos X="3" Y="69"/>
        <UsageCount Value="9"/>
      </Unit3>
      <Unit4>
        <Filename Value="..\..\Develop\lazarus\components\synedit\synhighlighterjava.pas"/>
        <UnitName Value="SynHighlighterJava"/>
        <TopLine Value="1314"/>
        <CursorPos X="1" Y="1321"/>
        <UsageCount Value="10"/>
      </Unit4>
      <Unit5>
        <Filename Value="lse_syntax_fpc.pas"/>
        <UnitName Value="lse_syntax_fpc"/>
        <TopLine Value="501"/>
        <CursorPos X="1" Y="507"/>
        <UsageCount Value="38"/>
      </Unit5>
      <Unit6>
        <Filename Value="..\..\Develop\lazarus\components\synedit\syneditstrconst.pp"/>
        <UnitName Value="SynEditStrConst"/>
        <TopLine Value="144"/>
        <CursorPos X="1" Y="144"/>
        <UsageCount Value="9"/>
      </Unit6>
      <Unit7>
        <Filename Value="..\..\Develop\lazarus\components\synedit\synedithighlighter.pp"/>
        <UnitName Value="SynEditHighlighter"/>
        <TopLine Value="389"/>
        <CursorPos X="1" Y="402"/>
        <UsageCount Value="10"/>
      </Unit7>
      <Unit8>
        <Filename Value="lse_funcs.pas"/>
        <IsPartOfProject Value="True"/>
        <UnitName Value="lse_funcs"/>
        <EditorIndex Value="5"/>
        <WindowIndex Value="0"/>
        <TopLine Value="2787"/>
        <CursorPos X="1" Y="2807"/>
        <UsageCount Value="26"/>
        <Loaded Value="True"/>
      </Unit8>
      <Unit9>
        <Filename Value="..\..\Develop\lazarus\fpc\2.2.2\source\rtl\objpas\classes\classesh.inc"/>
        <TopLine Value="107"/>
        <CursorPos X="3" Y="120"/>
        <UsageCount Value="9"/>
      </Unit9>
      <Unit10>
        <Filename Value="lseu.pas"/>
        <IsPartOfProject Value="True"/>
        <UnitName Value="lseu"/>
        <EditorIndex Value="2"/>
        <WindowIndex Value="0"/>
        <TopLine Value="2553"/>
        <CursorPos X="1" Y="2565"/>
        <UsageCount Value="52"/>
        <Loaded Value="True"/>
      </Unit10>
      <Unit11>
        <Filename Value="..\..\Develop\lazarus\lcl\forms.pp"/>
        <UnitName Value="Forms"/>
        <TopLine Value="1336"/>
        <CursorPos X="3" Y="1349"/>
        <UsageCount Value="11"/>
      </Unit11>
      <Unit12>
        <Filename Value="..\..\Develop\lazarus\lcl\include\application.inc"/>
        <TopLine Value="178"/>
        <CursorPos X="25" Y="184"/>
        <UsageCount Value="11"/>
      </Unit12>
      <Unit13>
        <Filename Value="..\..\Develop\lazarus\lcl\dialogs.pp"/>
        <UnitName Value="Dialogs"/>
        <TopLine Value="337"/>
        <CursorPos X="43" Y="351"/>
        <UsageCount Value="12"/>
      </Unit13>
      <Unit14>
        <Filename Value="..\..\Develop\lazarus\lcl\include\messagedialogs.inc"/>
        <TopLine Value="151"/>
        <CursorPos X="6" Y="162"/>
        <UsageCount Value="10"/>
      </Unit14>
      <Unit15>
        <Filename Value="..\..\Develop\lazarus\lcl\dbgrids.pas"/>
        <UnitName Value="DBGrids"/>
        <TopLine Value="1815"/>
        <CursorPos X="19" Y="1829"/>
        <UsageCount Value="10"/>
      </Unit15>
      <Unit16>
        <Filename Value="..\..\Develop\lazarus\lcl\controls.pp"/>
        <UnitName Value="Controls"/>
        <TopLine Value="44"/>
        <CursorPos X="3" Y="55"/>
        <UsageCount Value="10"/>
      </Unit16>
      <Unit17>
        <Filename Value="..\..\Develop\lazarus\fpc\2.2.2\source\packages\fcl-process\src\process.pp"/>
        <UnitName Value="process"/>
        <TopLine Value="112"/>
        <CursorPos X="31" Y="85"/>
        <UsageCount Value="10"/>
      </Unit17>
      <Unit18>
        <Filename Value="..\..\Develop\lazarus\components\synedit\synedittypes.pp"/>
        <UnitName Value="SynEditTypes"/>
        <TopLine Value="53"/>
        <CursorPos X="20" Y="73"/>
        <UsageCount Value="11"/>
      </Unit18>
      <Unit19>
        <Filename Value="lse_about_fpc.pas"/>
        <IsPartOfProject Value="True"/>
        <ComponentName Value="AboutForm"/>
        <ResourceBaseClass Value="Form"/>
        <UnitName Value="lse_about_fpc"/>
        <TopLine Value="81"/>
        <CursorPos X="74" Y="98"/>
        <UsageCount Value="45"/>
      </Unit19>
      <Unit20>
        <Filename Value="..\..\Developments\lazarus\lcl\dialogs.pp"/>
        <UnitName Value="Dialogs"/>
        <TopLine Value="467"/>
        <CursorPos X="15" Y="481"/>
        <UsageCount Value="12"/>
      </Unit20>
      <Unit21>
        <Filename Value="..\..\Developments\lazarus\lcl\forms.pp"/>
        <UnitName Value="Forms"/>
        <TopLine Value="425"/>
        <CursorPos X="28" Y="431"/>
        <UsageCount Value="10"/>
      </Unit21>
      <Unit22>
        <Filename Value="..\..\Developments\lazarus\lcl\include\customform.inc"/>
        <TopLine Value="223"/>
        <CursorPos X="11" Y="229"/>
        <UsageCount Value="10"/>
      </Unit22>
      <Unit23>
        <Filename Value="..\..\Developments\lazarus\lcl\lcltype.pp"/>
        <UnitName Value="LCLType"/>
        <TopLine Value="2853"/>
        <CursorPos X="1" Y="1"/>
        <UsageCount Value="10"/>
      </Unit23>
      <Unit24>
        <Filename Value="..\..\Developments\lazarus\lcl\graphics.pp"/>
        <UnitName Value="Graphics"/>
        <TopLine Value="690"/>
        <CursorPos X="15" Y="687"/>
        <UsageCount Value="10"/>
      </Unit24>
      <Unit25>
        <Filename Value="..\..\Developments\lazarus\lcl\include\icon.inc"/>
        <TopLine Value="308"/>
        <CursorPos X="17" Y="325"/>
        <UsageCount Value="10"/>
      </Unit25>
      <Unit26>
        <Filename Value="..\..\Developments\lazarus\lcl\include\rasterimage.inc"/>
        <TopLine Value="383"/>
        <CursorPos X="16" Y="391"/>
        <UsageCount Value="10"/>
      </Unit26>
      <Unit27>
        <Filename Value="..\..\Developments\lazarus\lcl\include\graphic.inc"/>
        <TopLine Value="64"/>
        <CursorPos X="3" Y="66"/>
        <UsageCount Value="10"/>
      </Unit27>
      <Unit28>
        <Filename Value="..\..\Developments\lazarus\lcl\controls.pp"/>
        <UnitName Value="Controls"/>
        <TopLine Value="43"/>
        <CursorPos X="3" Y="55"/>
        <UsageCount Value="11"/>
      </Unit28>
      <Unit29>
        <Filename Value="..\..\Developments\lazarus\lcl\include\control.inc"/>
        <TopLine Value="242"/>
        <CursorPos X="3" Y="247"/>
        <UsageCount Value="10"/>
      </Unit29>
      <Unit30>
        <Filename Value="..\..\Developments\lazarus\fpc\2.2.2\source\rtl\win\wininc\ascdef.inc"/>
        <TopLine Value="247"/>
        <CursorPos X="17" Y="259"/>
        <UsageCount Value="10"/>
      </Unit30>
      <Unit31>
        <Filename Value="..\..\Developments\lazarus\lcl\lclintf.pas"/>
        <UnitName Value="LCLIntf"/>
        <TopLine Value="24"/>
        <CursorPos X="38" Y="45"/>
        <UsageCount Value="10"/>
      </Unit31>
      <Unit32>
        <Filename Value="..\..\Developments\lazarus\lcl\include\lclintfh.inc"/>
        <TopLine Value="107"/>
        <CursorPos X="1" Y="1"/>
        <UsageCount Value="10"/>
      </Unit32>
      <Unit33>
        <Filename Value="..\..\Developments\lazarus\lcl\include\lclintf.inc"/>
        <TopLine Value="36"/>
        <CursorPos X="18" Y="39"/>
        <UsageCount Value="10"/>
      </Unit33>
      <Unit34>
        <Filename Value="..\..\Developments\lazarus\lcl\interfacebase.pp"/>
        <UnitName Value="InterfaceBase"/>
        <TopLine Value="67"/>
        <CursorPos X="15" Y="115"/>
        <UsageCount Value="10"/>
      </Unit34>
      <Unit35>
        <Filename Value="..\..\Developments\lazarus\lcl\include\interfacebase.inc"/>
        <TopLine Value="41"/>
        <CursorPos X="1" Y="1"/>
        <UsageCount Value="10"/>
      </Unit35>
      <Unit36>
        <Filename Value="..\..\Developments\lazarus\lcl\include\intfbasewinapi.inc"/>
        <TopLine Value="46"/>
        <CursorPos X="3" Y="52"/>
        <UsageCount Value="10"/>
      </Unit36>
      <Unit37>
        <Filename Value="..\..\Developments\lazarus\lcl\include\intfbaselcl.inc"/>
        <TopLine Value="19"/>
        <CursorPos X="1" Y="1"/>
        <UsageCount Value="10"/>
      </Unit37>
      <Unit38>
        <Filename Value="..\..\Developments\lazarus\lcl\include\winapih.inc"/>
        <TopLine Value="30"/>
        <CursorPos X="10" Y="42"/>
        <UsageCount Value="10"/>
      </Unit38>
      <Unit39>
        <Filename Value="lse_pad_fpc.lfm"/>
        <TopLine Value="25"/>
        <CursorPos X="25" Y="41"/>
        <UsageCount Value="10"/>
        <DefaultSyntaxHighlighter Value="LFM"/>
      </Unit39>
      <Unit40>
        <Filename Value="lse_synedit.pas"/>
        <IsPartOfProject Value="True"/>
        <UnitName Value="lse_synedit"/>
        <TopLine Value="166"/>
        <CursorPos X="10" Y="178"/>
        <UsageCount Value="35"/>
      </Unit40>
      <Unit41>
        <Filename Value="lse_msgbox.pas"/>
        <IsPartOfProject Value="True"/>
        <UnitName Value="lse_msgbox"/>
        <TopLine Value="1"/>
        <CursorPos X="1" Y="4"/>
        <UsageCount Value="34"/>
      </Unit41>
      <Unit42>
        <Filename Value="..\..\Developments\lazarus\components\synedit\synedithighlighter.pp"/>
        <UnitName Value="SynEditHighlighter"/>
        <TopLine Value="253"/>
        <CursorPos X="25" Y="265"/>
        <UsageCount Value="10"/>
      </Unit42>
      <Unit43>
        <Filename Value="lse_pad_open_fpc.pas"/>
        <IsPartOfProject Value="True"/>
        <ComponentName Value="OpenForm"/>
        <ResourceBaseClass Value="Form"/>
        <UnitName Value="lse_pad_open_fpc"/>
        <TopLine Value="1"/>
        <CursorPos X="79" Y="3"/>
        <UsageCount Value="31"/>
      </Unit43>
      <Unit44>
        <Filename Value="..\..\usr\share\fpcsrc\2.4.0\rtl\objpas\sysutils\filutilh.inc"/>
        <TopLine Value="75"/>
        <CursorPos X="10" Y="86"/>
        <UsageCount Value="10"/>
      </Unit44>
      <Unit45>
        <Filename Value="..\..\usr\share\fpcsrc\2.4.0\rtl\unix\sysutils.pp"/>
        <UnitName Value="sysutils"/>
        <TopLine Value="534"/>
        <CursorPos X="3" Y="537"/>
        <UsageCount Value="10"/>
      </Unit45>
      <Unit46>
        <Filename Value="..\..\Developments\lazarus\components\synedit\syneditexport.pas"/>
        <UnitName Value="SynEditExport"/>
        <TopLine Value="188"/>
        <CursorPos X="15" Y="202"/>
        <UsageCount Value="11"/>
      </Unit46>
      <Unit47>
        <Filename Value="..\..\Developments\lazarus\components\synedit\synexporthtml.pas"/>
        <UnitName Value="SynExportHTML"/>
        <TopLine Value="64"/>
        <CursorPos X="44" Y="64"/>
        <UsageCount Value="11"/>
      </Unit47>
      <Unit48>
        <Filename Value="..\..\Developments\lazarus\components\synedit\synedit.pp"/>
        <UnitName Value="SynEdit"/>
        <TopLine Value="958"/>
        <CursorPos X="51" Y="982"/>
        <UsageCount Value="11"/>
      </Unit48>
      <Unit49>
        <Filename Value="..\..\Developments\lazarus\components\synedit\syneditpointclasses.pas"/>
        <UnitName Value="SynEditPointClasses"/>
        <TopLine Value="70"/>
        <CursorPos X="20" Y="76"/>
        <UsageCount Value="11"/>
      </Unit49>
      <Unit50>
        <Filename Value="..\..\Developments\lazarus\fpc\2.2.4\source\rtl\objpas\classes\classesh.inc"/>
        <TopLine Value="549"/>
        <CursorPos X="15" Y="561"/>
        <UsageCount Value="10"/>
      </Unit50>
      <Unit51>
        <Filename Value="..\..\Developments\lazarus\fpc\2.2.4\source\rtl\objpas\classes\stringl.inc"/>
        <TopLine Value="748"/>
        <CursorPos X="3" Y="752"/>
        <UsageCount Value="10"/>
      </Unit51>
      <Unit52>
        <Filename Value="..\..\Developments\lazarus\fpc\2.2.4\source\rtl\objpas\sysutils\filutilh.inc"/>
        <TopLine Value="72"/>
        <CursorPos X="10" Y="84"/>
        <UsageCount Value="10"/>
      </Unit52>
      <Unit53>
        <Filename Value="..\..\Developments\lazarus\fpc\2.2.4\source\rtl\win\sysutils.pp"/>
        <UnitName Value="sysutils"/>
        <TopLine Value="346"/>
        <CursorPos X="3" Y="350"/>
        <UsageCount Value="10"/>
      </Unit53>
      <Unit54>
        <Filename Value="..\..\usr\share\fpcsrc\2.4.0\packages\fcl-process\src\process.pp"/>
        <UnitName Value="process"/>
        <TopLine Value="22"/>
        <CursorPos X="3" Y="25"/>
        <UsageCount Value="10"/>
      </Unit54>
      <Unit55>
        <Filename Value="lse_syncobj.pas"/>
        <IsPartOfProject Value="True"/>
        <UnitName Value="lse_syncobj"/>
        <TopLine Value="1"/>
        <CursorPos X="1" Y="1"/>
        <UsageCount Value="26"/>
      </Unit55>
      <Unit56>
        <Filename Value="lse_api.pas"/>
        <IsPartOfProject Value="True"/>
        <UnitName Value="lse_api"/>
        <TopLine Value="1"/>
        <CursorPos X="1" Y="1"/>
        <UsageCount Value="26"/>
      </Unit56>
      <Unit57>
        <Filename Value="lse_cgi.pas"/>
        <IsPartOfProject Value="True"/>
        <UnitName Value="lse_cgi"/>
        <TopLine Value="1"/>
        <CursorPos X="1" Y="1"/>
        <UsageCount Value="26"/>
      </Unit57>
      <Unit58>
        <Filename Value="lse_export.pas"/>
        <IsPartOfProject Value="True"/>
        <UnitName Value="lse_export"/>
        <EditorIndex Value="3"/>
        <WindowIndex Value="0"/>
        <TopLine Value="301"/>
        <CursorPos X="1" Y="315"/>
        <UsageCount Value="26"/>
        <Loaded Value="True"/>
      </Unit58>
      <Unit59>
        <Filename Value="lse_kernel.pas"/>
        <IsPartOfProject Value="True"/>
        <UnitName Value="lse_kernel"/>
        <EditorIndex Value="4"/>
        <WindowIndex Value="0"/>
        <TopLine Value="6254"/>
        <CursorPos X="3" Y="6256"/>
        <UsageCount Value="26"/>
        <Loaded Value="True"/>
      </Unit59>
      <Unit60>
        <Filename Value="lse_patten.pas"/>
        <IsPartOfProject Value="True"/>
        <UnitName Value="lse_patten"/>
        <TopLine Value="1"/>
        <CursorPos X="1" Y="1"/>
        <UsageCount Value="26"/>
      </Unit60>
      <Unit61>
        <Filename Value="lse_spawn.pas"/>
        <IsPartOfProject Value="True"/>
        <UnitName Value="lse_spawn"/>
        <TopLine Value="1"/>
        <CursorPos X="1" Y="1"/>
        <UsageCount Value="26"/>
      </Unit61>
      <Unit62>
        <Filename Value="lse_symbol.pas"/>
        <IsPartOfProject Value="True"/>
        <UnitName Value="lse_symbol"/>
        <TopLine Value="130"/>
        <CursorPos X="14" Y="142"/>
        <UsageCount Value="26"/>
      </Unit62>
      <Unit63>
        <Filename Value="D:\Developments\lazarus\lcl\forms.pp"/>
        <UnitName Value="Forms"/>
        <TopLine Value="1614"/>
        <CursorPos X="22" Y="1626"/>
        <UsageCount Value="11"/>
      </Unit63>
      <Unit64>
        <Filename Value="D:\Developments\lazarus\lcl\include\application.inc"/>
        <TopLine Value="527"/>
        <CursorPos X="3" Y="532"/>
        <UsageCount Value="11"/>
      </Unit64>
      <Unit65>
        <Filename Value="D:\Developments\lazarus\components\synedit\synedit.pp"/>
        <UnitName Value="SynEdit"/>
        <TopLine Value="820"/>
        <CursorPos X="14" Y="832"/>
        <UsageCount Value="10"/>
      </Unit65>
      <Unit66>
        <Filename Value="D:\Developments\lazarus\lcl\lmessages.pp"/>
        <UnitName Value="LMessages"/>
        <TopLine Value="13"/>
        <CursorPos X="8" Y="34"/>
        <UsageCount Value="10"/>
      </Unit66>
      <Unit67>
        <Filename Value="D:\Developments\lazarus\fpc\2.2.4\source\rtl\win\messages.pp"/>
        <UnitName Value="messages"/>
        <TopLine Value="1"/>
        <CursorPos X="12" Y="11"/>
        <UsageCount Value="10"/>
      </Unit67>
      <Unit68>
        <Filename Value="D:\Developments\lazarus\fpc\2.2.4\source\rtl\win\wininc\messages.inc"/>
        <TopLine Value="1"/>
        <CursorPos X="1" Y="1"/>
        <UsageCount Value="10"/>
      </Unit68>
      <Unit69>
        <Filename Value="D:\Developments\lazarus\lcl\lcltype.pp"/>
        <UnitName Value="LCLType"/>
        <TopLine Value="13"/>
        <CursorPos X="13" Y="37"/>
        <UsageCount Value="10"/>
      </Unit69>
    </Units>
    <JumpHistory Count="30" HistoryIndex="29">
      <Position1>
        <Filename Value="lse_funcs.pas"/>
        <Caret Line="2795" Column="1" TopLine="2784"/>
      </Position1>
      <Position2>
        <Filename Value="lse_funcs.pas"/>
        <Caret Line="2796" Column="1" TopLine="2784"/>
      </Position2>
      <Position3>
        <Filename Value="lse_funcs.pas"/>
        <Caret Line="2803" Column="1" TopLine="2784"/>
      </Position3>
      <Position4>
        <Filename Value="lse_funcs.pas"/>
        <Caret Line="2804" Column="1" TopLine="2784"/>
      </Position4>
      <Position5>
        <Filename Value="lse_funcs.pas"/>
        <Caret Line="2795" Column="1" TopLine="2784"/>
      </Position5>
      <Position6>
        <Filename Value="lse_funcs.pas"/>
        <Caret Line="2796" Column="1" TopLine="2784"/>
      </Position6>
      <Position7>
        <Filename Value="lse_funcs.pas"/>
        <Caret Line="2803" Column="1" TopLine="2784"/>
      </Position7>
      <Position8>
        <Filename Value="lse_funcs.pas"/>
        <Caret Line="2804" Column="1" TopLine="2784"/>
      </Position8>
      <Position9>
        <Filename Value="lse_funcs.pas"/>
        <Caret Line="2795" Column="1" TopLine="2784"/>
      </Position9>
      <Position10>
        <Filename Value="lse_funcs.pas"/>
        <Caret Line="2796" Column="1" TopLine="2784"/>
      </Position10>
      <Position11>
        <Filename Value="lse_funcs.pas"/>
        <Caret Line="2803" Column="1" TopLine="2784"/>
      </Position11>
      <Position12>
        <Filename Value="lse_funcs.pas"/>
        <Caret Line="2804" Column="1" TopLine="2784"/>
      </Position12>
      <Position13>
        <Filename Value="lse_funcs.pas"/>
        <Caret Line="2795" Column="1" TopLine="2784"/>
      </Position13>
      <Position14>
        <Filename Value="lse_funcs.pas"/>
        <Caret Line="2796" Column="1" TopLine="2784"/>
      </Position14>
      <Position15>
        <Filename Value="lse_funcs.pas"/>
        <Caret Line="2803" Column="1" TopLine="2784"/>
      </Position15>
      <Position16>
        <Filename Value="lse_funcs.pas"/>
        <Caret Line="2804" Column="1" TopLine="2784"/>
      </Position16>
      <Position17>
        <Filename Value="lse_funcs.pas"/>
        <Caret Line="2795" Column="1" TopLine="2784"/>
      </Position17>
      <Position18>
        <Filename Value="lse_funcs.pas"/>
        <Caret Line="2796" Column="1" TopLine="2784"/>
      </Position18>
      <Position19>
        <Filename Value="lse_funcs.pas"/>
        <Caret Line="2803" Column="1" TopLine="2784"/>
      </Position19>
      <Position20>
        <Filename Value="lse_funcs.pas"/>
        <Caret Line="2804" Column="1" TopLine="2784"/>
      </Position20>
      <Position21>
        <Filename Value="lse_funcs.pas"/>
        <Caret Line="2795" Column="1" TopLine="2784"/>
      </Position21>
      <Position22>
        <Filename Value="lse_funcs.pas"/>
        <Caret Line="2806" Column="1" TopLine="2786"/>
      </Position22>
      <Position23>
        <Filename Value="lse_funcs.pas"/>
        <Caret Line="2807" Column="1" TopLine="2787"/>
      </Position23>
      <Position24>
        <Filename Value="lse_kernel.pas"/>
        <Caret Line="5868" Column="1" TopLine="5856"/>
      </Position24>
      <Position25>
        <Filename Value="lse_kernel.pas"/>
        <Caret Line="5871" Column="1" TopLine="5856"/>
      </Position25>
      <Position26>
        <Filename Value="lse_kernel.pas"/>
        <Caret Line="5873" Column="1" TopLine="5856"/>
      </Position26>
      <Position27>
        <Filename Value="lse_kernel.pas"/>
        <Caret Line="5874" Column="1" TopLine="5856"/>
      </Position27>
      <Position28>
        <Filename Value="lse_kernel.pas"/>
        <Caret Line="6256" Column="3" TopLine="6254"/>
      </Position28>
      <Position29>
        <Filename Value="lse_pad_fpc.pas"/>
        <Caret Line="451" Column="1" TopLine="439"/>
      </Position29>
      <Position30>
        <Filename Value="lseu.pas"/>
        <Caret Line="2565" Column="1" TopLine="2553"/>
      </Position30>
    </JumpHistory>
  </ProjectOptions>
  <CompilerOptions>
    <Version Value="9"/>
    <PathDelim Value="\"/>
    <Parsing>
      <SyntaxOptions>
        <CStyleOperator Value="False"/>
        <UseAnsiStrings Value="False"/>
      </SyntaxOptions>
    </Parsing>
    <CodeGeneration>
      <SmartLinkUnit Value="True"/>
      <Optimizations>
        <VariablesInRegisters Value="True"/>
      </Optimizations>
    </CodeGeneration>
    <Linking>
      <Debugging>
        <GenerateDebugInfo Value="True"/>
      </Debugging>
      <LinkSmart Value="True"/>
      <Options>
        <Win32>
          <GraphicApplication Value="True"/>
        </Win32>
      </Options>
    </Linking>
    <Other>
      <Verbosity>
        <ShowHints Value="False"/>
      </Verbosity>
      <WriteFPCLogo Value="False"/>
      <CompilerMessages>
        <UseMsgFile Value="True"/>
      </CompilerMessages>
      <CustomOptions Value="-dSYN_LAZARUS"/>
      <CompilerPath Value="$(CompPath)"/>
    </Other>
  </CompilerOptions>
  <Debugging>
    <BreakPoints Count="1">
      <Item1>
        <Source Value="lse_kernel.pas"/>
        <Line Value="4345"/>
      </Item1>
    </BreakPoints>
    <Exceptions Count="2">
      <Item1>
        <Name Value="ECodetoolError"/>
      </Item1>
      <Item2>
        <Name Value="EFOpenError"/>
      </Item2>
    </Exceptions>
  </Debugging>
</CONFIG>
