<?xml version="1.0"?>
<CONFIG>
  <ProjectOptions>
    <Version Value="9"/>
    <PathDelim Value="\"/>
    <General>
      <Flags>
        <LRSInOutputDirectory Value="False"/>
      </Flags>
      <MainUnit Value="0"/>
      <Title Value="lysee_inifs"/>
      <ActiveWindowIndexAtStart Value="0"/>
    </General>
    <VersionInfo>
      <UseVersionInfo Value="True"/>
      <AutoIncrementBuild Value="True"/>
      <MajorVersionNr Value="1"/>
      <MinorVersionNr Value="2"/>
      <RevisionNr Value="1"/>
      <BuildNr Value="377"/>
      <StringTable FileDescription="ini file accessing module for lysee" LegalCopyright="Copyright (C) 2003-2010 li yun jie <libudi@hotmail.com>" ProductVersion="1.1.1.306"/>
    </VersionInfo>
    <BuildModes Count="1">
      <Item1 Name="default" Default="True"/>
    </BuildModes>
    <PublishOptions>
      <Version Value="2"/>
      <DestinationDirectory Value="$(TestDir)\publishedproject\"/>
      <IgnoreBinaries Value="False"/>
      <IncludeFileFilter Value="*.(pas|pp|inc|lfm|lpr|lrs|lpi|lpk|sh|xml)"/>
      <ExcludeFileFilter Value="*.(bak|ppu|ppw|o|so);*~;backup"/>
    </PublishOptions>
    <RunParams>
      <local>
        <FormatVersion Value="1"/>
        <LaunchingApplication PathPlusParams="\usr\X11R6\bin\xterm -T 'Lazarus Run Output' -e $(LazarusDir)\tools\runwait.sh $(TargetCmdLine)"/>
      </local>
    </RunParams>
    <Units Count="8">
      <Unit0>
        <Filename Value="lysee_inifs.lpr"/>
        <IsPartOfProject Value="True"/>
        <UnitName Value="lysee_inifs"/>
        <IsVisibleTab Value="True"/>
        <EditorIndex Value="0"/>
        <WindowIndex Value="0"/>
        <TopLine Value="1"/>
        <CursorPos X="1" Y="23"/>
        <UsageCount Value="21"/>
        <Loaded Value="True"/>
        <LoadedDesigner Value="True"/>
      </Unit0>
      <Unit1>
        <Filename Value="..\fpc\dbv\ib.pp"/>
        <UnitName Value="ib"/>
        <TopLine Value="51"/>
        <CursorPos X="17" Y="79"/>
        <UsageCount Value="20"/>
      </Unit1>
      <Unit2>
        <Filename Value="..\lseu.pas"/>
        <IsPartOfProject Value="True"/>
        <UnitName Value="lseu"/>
        <WindowIndex Value="0"/>
        <TopLine Value="1"/>
        <CursorPos X="1" Y="8"/>
        <UsageCount Value="21"/>
      </Unit2>
      <Unit3>
        <Filename Value="..\lse_dbu.pas"/>
        <UnitName Value="lse_dbu"/>
        <TopLine Value="130"/>
        <CursorPos X="70" Y="129"/>
        <UsageCount Value="20"/>
      </Unit3>
      <Unit4>
        <Filename Value="..\fpc\dbv\body.inc"/>
        <TopLine Value="80"/>
        <CursorPos X="23" Y="94"/>
        <UsageCount Value="10"/>
      </Unit4>
      <Unit5>
        <Filename Value="..\fpc\dbv\head.inc"/>
        <TopLine Value="6"/>
        <CursorPos X="1" Y="13"/>
        <UsageCount Value="10"/>
      </Unit5>
      <Unit6>
        <Filename Value="lysee_syncobj_funcs.pas"/>
        <UnitName Value="lysee_syncobj_funcs"/>
        <TopLine Value="2"/>
        <CursorPos X="25" Y="107"/>
        <UsageCount Value="20"/>
      </Unit6>
      <Unit7>
        <Filename Value="lysee_inifs_funcs.pas"/>
        <IsPartOfProject Value="True"/>
        <UnitName Value="lysee_inifs_funcs"/>
        <EditorIndex Value="1"/>
        <WindowIndex Value="0"/>
        <TopLine Value="33"/>
        <CursorPos X="1" Y="33"/>
        <UsageCount Value="21"/>
        <Loaded Value="True"/>
      </Unit7>
    </Units>
    <JumpHistory Count="7" HistoryIndex="6">
      <Position1>
        <Filename Value="lysee_inifs.lpr"/>
        <Caret Line="24" Column="35" TopLine="24"/>
      </Position1>
      <Position2>
        <Filename Value="lysee_inifs_funcs.pas"/>
        <Caret Line="88" Column="24" TopLine="82"/>
      </Position2>
      <Position3>
        <Filename Value="lysee_inifs_funcs.pas"/>
        <Caret Line="89" Column="51" TopLine="77"/>
      </Position3>
      <Position4>
        <Filename Value="lysee_inifs.lpr"/>
        <Caret Line="60" Column="22" TopLine="42"/>
      </Position4>
      <Position5>
        <Filename Value="lysee_inifs.lpr"/>
        <Caret Line="62" Column="1" TopLine="44"/>
      </Position5>
      <Position6>
        <Filename Value="lysee_inifs.lpr"/>
        <Caret Line="25" Column="1" TopLine="13"/>
      </Position6>
      <Position7>
        <Filename Value="lysee_inifs_funcs.pas"/>
        <Caret Line="147" Column="39" TopLine="124"/>
      </Position7>
    </JumpHistory>
  </ProjectOptions>
  <CompilerOptions>
    <Version Value="9"/>
    <PathDelim Value="\"/>
    <Parsing>
      <SyntaxOptions>
        <CStyleOperator Value="False"/>
        <UseAnsiStrings Value="False"/>
      </SyntaxOptions>
    </Parsing>
    <CodeGeneration>
      <SmartLinkUnit Value="True"/>
      <Optimizations>
        <VariablesInRegisters Value="True"/>
        <OptimizationLevel Value="2"/>
      </Optimizations>
    </CodeGeneration>
    <Linking>
      <Debugging>
        <UseLineInfoUnit Value="False"/>
        <StripSymbols Value="True"/>
      </Debugging>
      <LinkSmart Value="True"/>
      <Options>
        <ExecutableType Value="Library"/>
      </Options>
    </Linking>
    <Other>
      <WriteFPCLogo Value="False"/>
      <CompilerPath Value="$(CompPath)"/>
    </Other>
  </CompilerOptions>
  <Debugging>
    <Exceptions Count="2">
      <Item1>
        <Name Value="ECodetoolError"/>
      </Item1>
      <Item2>
        <Name Value="EFOpenError"/>
      </Item2>
    </Exceptions>
  </Debugging>
</CONFIG>
