<?xml version="1.0"?>
<CONFIG>
  <ProjectOptions>
    <Version Value="9"/>
    <PathDelim Value="\"/>
    <General>
      <Flags>
        <MainUnitHasCreateFormStatements Value="False"/>
        <MainUnitHasTitleStatement Value="False"/>
      </Flags>
      <MainUnit Value="0"/>
      <UseXPManifest Value="True"/>
      <Icon Value="0"/>
      <ActiveWindowIndexAtStart Value="0"/>
    </General>
    <VersionInfo>
      <UseVersionInfo Value="True"/>
      <AutoIncrementBuild Value="True"/>
      <MajorVersionNr Value="1"/>
      <MinorVersionNr Value="2"/>
      <RevisionNr Value="1"/>
      <BuildNr Value="403"/>
      <StringTable FileDescription="mathmetics module for lysee" LegalCopyright="Copyright (C) 2003-2010 Li Yun Jie" ProductVersion="0.1.8.391"/>
    </VersionInfo>
    <BuildModes Count="1">
      <Item1 Name="default" Default="True"/>
    </BuildModes>
    <PublishOptions>
      <Version Value="2"/>
      <IgnoreBinaries Value="False"/>
      <IncludeFileFilter Value="*.(pas|pp|inc|lfm|lpr|lrs|lpi|lpk|sh|xml)"/>
      <ExcludeFileFilter Value="*.(bak|ppu|ppw|o|so);*~;backup"/>
    </PublishOptions>
    <RunParams>
      <local>
        <FormatVersion Value="1"/>
        <LaunchingApplication PathPlusParams="/usr/X11R6/bin/xterm -T 'Lazarus Run Output' -e $(LazarusDir)/tools/runwait.sh $(TargetCmdLine)"/>
      </local>
    </RunParams>
    <Units Count="4">
      <Unit0>
        <Filename Value="lysee_math.lpr"/>
        <IsPartOfProject Value="True"/>
        <UnitName Value="lysee_math"/>
        <EditorIndex Value="0"/>
        <WindowIndex Value="0"/>
        <TopLine Value="1"/>
        <CursorPos X="6" Y="10"/>
        <UsageCount Value="20"/>
        <Loaded Value="True"/>
        <LoadedDesigner Value="True"/>
      </Unit0>
      <Unit1>
        <Filename Value="..\lseu.pas"/>
        <IsPartOfProject Value="True"/>
        <UnitName Value="lseu"/>
        <TopLine Value="1"/>
        <CursorPos X="1" Y="1"/>
        <UsageCount Value="20"/>
      </Unit1>
      <Unit2>
        <Filename Value="lysee_math_funcs.pas"/>
        <IsPartOfProject Value="True"/>
        <UnitName Value="lysee_math_funcs"/>
        <IsVisibleTab Value="True"/>
        <EditorIndex Value="1"/>
        <WindowIndex Value="0"/>
        <TopLine Value="49"/>
        <CursorPos X="26" Y="55"/>
        <UsageCount Value="20"/>
        <Loaded Value="True"/>
      </Unit2>
      <Unit3>
        <Filename Value="D:\Developments\lazarus\fpc\2.4.2\source\rtl\objpas\math.pp"/>
        <UnitName Value="math"/>
        <WindowIndex Value="0"/>
        <TopLine Value="295"/>
        <CursorPos X="10" Y="307"/>
        <UsageCount Value="10"/>
      </Unit3>
    </Units>
    <JumpHistory Count="23" HistoryIndex="22">
      <Position1>
        <Filename Value="lysee_math.lpr"/>
        <Caret Line="28" Column="18" TopLine="4"/>
      </Position1>
      <Position2>
        <Filename Value="lysee_math.lpr"/>
        <Caret Line="17" Column="59" TopLine="3"/>
      </Position2>
      <Position3>
        <Filename Value="lysee_math.lpr"/>
        <Caret Line="24" Column="34" TopLine="6"/>
      </Position3>
      <Position4>
        <Filename Value="lysee_math.lpr"/>
        <Caret Line="59" Column="40" TopLine="37"/>
      </Position4>
      <Position5>
        <Filename Value="lysee_math_funcs.pas"/>
        <Caret Line="84" Column="11" TopLine="72"/>
      </Position5>
      <Position6>
        <Filename Value="lysee_math_funcs.pas"/>
        <Caret Line="50" Column="23" TopLine="39"/>
      </Position6>
      <Position7>
        <Filename Value="lysee_math_funcs.pas"/>
        <Caret Line="80" Column="51" TopLine="66"/>
      </Position7>
      <Position8>
        <Filename Value="lysee_math_funcs.pas"/>
        <Caret Line="425" Column="1" TopLine="403"/>
      </Position8>
      <Position9>
        <Filename Value="lysee_math_funcs.pas"/>
        <Caret Line="349" Column="30" TopLine="337"/>
      </Position9>
      <Position10>
        <Filename Value="lysee_math.lpr"/>
        <Caret Line="61" Column="1" TopLine="38"/>
      </Position10>
      <Position11>
        <Filename Value="lysee_math.lpr"/>
        <Caret Line="57" Column="22" TopLine="44"/>
      </Position11>
      <Position12>
        <Filename Value="lysee_math.lpr"/>
        <Caret Line="8" Column="1" TopLine="1"/>
      </Position12>
      <Position13>
        <Filename Value="lysee_math.lpr"/>
        <Caret Line="19" Column="17" TopLine="11"/>
      </Position13>
      <Position14>
        <Filename Value="lysee_math_funcs.pas"/>
        <Caret Line="349" Column="30" TopLine="337"/>
      </Position14>
      <Position15>
        <Filename Value="lysee_math_funcs.pas"/>
        <Caret Line="211" Column="1" TopLine="195"/>
      </Position15>
      <Position16>
        <Filename Value="lysee_math_funcs.pas"/>
        <Caret Line="200" Column="1" TopLine="193"/>
      </Position16>
      <Position17>
        <Filename Value="lysee_math_funcs.pas"/>
        <Caret Line="109" Column="25" TopLine="87"/>
      </Position17>
      <Position18>
        <Filename Value="lysee_math_funcs.pas"/>
        <Caret Line="205" Column="24" TopLine="181"/>
      </Position18>
      <Position19>
        <Filename Value="lysee_math_funcs.pas"/>
        <Caret Line="396" Column="5" TopLine="372"/>
      </Position19>
      <Position20>
        <Filename Value="lysee_math_funcs.pas"/>
        <Caret Line="8" Column="1" TopLine="1"/>
      </Position20>
      <Position21>
        <Filename Value="lysee_math_funcs.pas"/>
        <Caret Line="54" Column="35" TopLine="37"/>
      </Position21>
      <Position22>
        <Filename Value="lysee_math_funcs.pas"/>
        <Caret Line="59" Column="24" TopLine="49"/>
      </Position22>
      <Position23>
        <Filename Value="lysee_math_funcs.pas"/>
        <Caret Line="394" Column="1" TopLine="370"/>
      </Position23>
    </JumpHistory>
  </ProjectOptions>
  <CompilerOptions>
    <Version Value="9"/>
    <PathDelim Value="\"/>
    <SearchPaths>
      <IncludeFiles Value="$(ProjOutDir)"/>
      <OtherUnitFiles Value="D:\budi\lysee\lysee\"/>
    </SearchPaths>
    <Parsing>
      <SyntaxOptions>
        <UseAnsiStrings Value="False"/>
      </SyntaxOptions>
    </Parsing>
    <Linking>
      <Options>
        <ExecutableType Value="Library"/>
      </Options>
    </Linking>
    <Other>
      <CompilerPath Value="$(CompPath)"/>
    </Other>
  </CompilerOptions>
  <Debugging>
    <Exceptions Count="3">
      <Item1>
        <Name Value="EAbort"/>
      </Item1>
      <Item2>
        <Name Value="ECodetoolError"/>
      </Item2>
      <Item3>
        <Name Value="EFOpenError"/>
      </Item3>
    </Exceptions>
  </Debugging>
</CONFIG>
