<?xml version="1.0"?>
<CONFIG>
  <ProjectOptions>
    <PathDelim Value="\"/>
    <Version Value="7"/>
    <General>
      <Flags>
        <LRSInOutputDirectory Value="False"/>
      </Flags>
      <MainUnit Value="0"/>
      <TargetFileExt Value=""/>
      <Title Value="lysee_strutils"/>
      <ActiveEditorIndexAtStart Value="0"/>
    </General>
    <VersionInfo>
      <UseVersionInfo Value="True"/>
      <AutoIncrementBuild Value="True"/>
      <CurrentMajorRevNr Value="2"/>
      <CurrentMinorRevNr Value="1"/>
      <CurrentBuildNr Value="376"/>
      <ProjectVersion Value="1.1.1.306"/>
      <FileDescription Value="string processing objects"/>
      <LegalCopyright Value="Copyright (C) 2003-2010 li yun jie <libudi@hotmail.com>"/>
    </VersionInfo>
    <PublishOptions>
      <Version Value="2"/>
      <DestinationDirectory Value="$(TestDir)\publishedproject\"/>
      <IgnoreBinaries Value="False"/>
      <IncludeFileFilter Value="*.(pas|pp|inc|lfm|lpr|lrs|lpi|lpk|sh|xml)"/>
      <ExcludeFileFilter Value="*.(bak|ppu|ppw|o|so);*~;backup"/>
    </PublishOptions>
    <RunParams>
      <local>
        <FormatVersion Value="1"/>
        <LaunchingApplication PathPlusParams="\usr\X11R6\bin\xterm -T 'Lazarus Run Output' -e $(LazarusDir)\tools\runwait.sh $(TargetCmdLine)"/>
      </local>
    </RunParams>
    <Units Count="9">
      <Unit0>
        <Filename Value="lysee_strutils.lpr"/>
        <IsPartOfProject Value="True"/>
        <UnitName Value="lysee_strutils"/>
        <CursorPos X="40" Y="59"/>
        <TopLine Value="45"/>
        <EditorIndex Value="0"/>
        <UsageCount Value="20"/>
        <Loaded Value="True"/>
      </Unit0>
      <Unit1>
        <Filename Value="..\fpc\dbv\ib.pp"/>
        <UnitName Value="ib"/>
        <CursorPos X="17" Y="79"/>
        <TopLine Value="51"/>
        <UsageCount Value="20"/>
      </Unit1>
      <Unit2>
        <Filename Value="..\lseu.pas"/>
        <IsPartOfProject Value="True"/>
        <UnitName Value="lseu"/>
        <CursorPos X="1" Y="1"/>
        <TopLine Value="1"/>
        <UsageCount Value="20"/>
      </Unit2>
      <Unit3>
        <Filename Value="..\lse_dbu.pas"/>
        <UnitName Value="lse_dbu"/>
        <CursorPos X="70" Y="129"/>
        <TopLine Value="130"/>
        <UsageCount Value="20"/>
      </Unit3>
      <Unit4>
        <Filename Value="..\fpc\dbv\body.inc"/>
        <CursorPos X="23" Y="94"/>
        <TopLine Value="80"/>
        <UsageCount Value="10"/>
      </Unit4>
      <Unit5>
        <Filename Value="..\fpc\dbv\head.inc"/>
        <CursorPos X="1" Y="13"/>
        <TopLine Value="6"/>
        <UsageCount Value="10"/>
      </Unit5>
      <Unit6>
        <Filename Value="lysee_syncobj_funcs.pas"/>
        <UnitName Value="lysee_syncobj_funcs"/>
        <CursorPos X="25" Y="107"/>
        <TopLine Value="80"/>
        <UsageCount Value="20"/>
      </Unit6>
      <Unit7>
        <Filename Value="lysee_strutils_funcs.pas"/>
        <IsPartOfProject Value="True"/>
        <UnitName Value="lysee_strutils_funcs"/>
        <CursorPos X="29" Y="998"/>
        <TopLine Value="988"/>
        <UsageCount Value="20"/>
      </Unit7>
      <Unit8>
        <Filename Value="..\lse_funcs.pas"/>
        <IsPartOfProject Value="True"/>
        <UnitName Value="lse_funcs"/>
        <CursorPos X="21" Y="479"/>
        <TopLine Value="473"/>
        <UsageCount Value="20"/>
      </Unit8>
    </Units>
    <JumpHistory Count="1" HistoryIndex="0">
      <Position1>
        <Filename Value="lysee_strutils.lpr"/>
        <Caret Line="14" Column="28" TopLine="4"/>
      </Position1>
    </JumpHistory>
  </ProjectOptions>
  <CompilerOptions>
    <Version Value="8"/>
    <PathDelim Value="\"/>
    <SearchPaths>
      <OtherUnitFiles Value="..\"/>
    </SearchPaths>
    <Parsing>
      <SyntaxOptions>
        <CStyleOperator Value="False"/>
      </SyntaxOptions>
    </Parsing>
    <CodeGeneration>
      <SmartLinkUnit Value="True"/>
      <Optimizations>
        <VariablesInRegisters Value="True"/>
        <OptimizationLevel Value="2"/>
      </Optimizations>
    </CodeGeneration>
    <Linking>
      <Debugging>
        <UseLineInfoUnit Value="False"/>
        <StripSymbols Value="True"/>
      </Debugging>
      <LinkSmart Value="True"/>
      <Options>
        <ExecutableType Value="Library"/>
      </Options>
    </Linking>
    <Other>
      <WriteFPCLogo Value="False"/>
      <CompilerPath Value="$(CompPath)"/>
    </Other>
  </CompilerOptions>
  <Debugging>
    <Exceptions Count="2">
      <Item1>
        <Name Value="ECodetoolError"/>
      </Item1>
      <Item2>
        <Name Value="EFOpenError"/>
      </Item2>
    </Exceptions>
  </Debugging>
</CONFIG>
