<?xml version="1.0"?>
<CONFIG>
  <ProjectOptions>
    <Version Value="9"/>
    <PathDelim Value="\"/>
    <General>
      <Flags>
        <LRSInOutputDirectory Value="False"/>
      </Flags>
      <MainUnit Value="0"/>
      <Title Value="lysee_strutils"/>
      <ActiveWindowIndexAtStart Value="0"/>
    </General>
    <VersionInfo>
      <UseVersionInfo Value="True"/>
      <AutoIncrementBuild Value="True"/>
      <MajorVersionNr Value="1"/>
      <MinorVersionNr Value="2"/>
      <RevisionNr Value="1"/>
      <BuildNr Value="388"/>
      <StringTable FileDescription="string processing objects" LegalCopyright="Copyright (C) 2003-2010 li yun jie <libudi@hotmail.com>" ProductVersion="1.1.1.306"/>
    </VersionInfo>
    <BuildModes Count="1">
      <Item1 Name="default" Default="True"/>
    </BuildModes>
    <PublishOptions>
      <Version Value="2"/>
      <DestinationDirectory Value="$(TestDir)\publishedproject\"/>
      <IgnoreBinaries Value="False"/>
      <IncludeFileFilter Value="*.(pas|pp|inc|lfm|lpr|lrs|lpi|lpk|sh|xml)"/>
      <ExcludeFileFilter Value="*.(bak|ppu|ppw|o|so);*~;backup"/>
    </PublishOptions>
    <RunParams>
      <local>
        <FormatVersion Value="1"/>
        <LaunchingApplication PathPlusParams="\usr\X11R6\bin\xterm -T 'Lazarus Run Output' -e $(LazarusDir)\tools\runwait.sh $(TargetCmdLine)"/>
      </local>
    </RunParams>
    <Units Count="10">
      <Unit0>
        <Filename Value="lysee_strutils.lpr"/>
        <IsPartOfProject Value="True"/>
        <UnitName Value="lysee_strutils"/>
        <EditorIndex Value="0"/>
        <WindowIndex Value="0"/>
        <TopLine Value="46"/>
        <CursorPos X="42" Y="58"/>
        <UsageCount Value="25"/>
        <Loaded Value="True"/>
        <LoadedDesigner Value="True"/>
      </Unit0>
      <Unit1>
        <Filename Value="..\fpc\dbv\ib.pp"/>
        <UnitName Value="ib"/>
        <TopLine Value="51"/>
        <CursorPos X="17" Y="79"/>
        <UsageCount Value="20"/>
      </Unit1>
      <Unit2>
        <Filename Value="..\lseu.pas"/>
        <IsPartOfProject Value="True"/>
        <UnitName Value="lseu"/>
        <IsVisibleTab Value="True"/>
        <EditorIndex Value="2"/>
        <WindowIndex Value="0"/>
        <TopLine Value="878"/>
        <CursorPos X="13" Y="897"/>
        <UsageCount Value="25"/>
        <Loaded Value="True"/>
      </Unit2>
      <Unit3>
        <Filename Value="..\lse_dbu.pas"/>
        <UnitName Value="lse_dbu"/>
        <TopLine Value="130"/>
        <CursorPos X="70" Y="129"/>
        <UsageCount Value="20"/>
      </Unit3>
      <Unit4>
        <Filename Value="..\fpc\dbv\body.inc"/>
        <TopLine Value="80"/>
        <CursorPos X="23" Y="94"/>
        <UsageCount Value="10"/>
      </Unit4>
      <Unit5>
        <Filename Value="..\fpc\dbv\head.inc"/>
        <TopLine Value="6"/>
        <CursorPos X="1" Y="13"/>
        <UsageCount Value="10"/>
      </Unit5>
      <Unit6>
        <Filename Value="lysee_syncobj_funcs.pas"/>
        <UnitName Value="lysee_syncobj_funcs"/>
        <TopLine Value="80"/>
        <CursorPos X="25" Y="107"/>
        <UsageCount Value="20"/>
      </Unit6>
      <Unit7>
        <Filename Value="lysee_strutils_funcs.pas"/>
        <IsPartOfProject Value="True"/>
        <UnitName Value="lysee_strutils_funcs"/>
        <EditorIndex Value="1"/>
        <WindowIndex Value="0"/>
        <TopLine Value="366"/>
        <CursorPos X="38" Y="376"/>
        <UsageCount Value="25"/>
        <Loaded Value="True"/>
      </Unit7>
      <Unit8>
        <Filename Value="..\lse_funcs.pas"/>
        <IsPartOfProject Value="True"/>
        <UnitName Value="lse_funcs"/>
        <TopLine Value="473"/>
        <CursorPos X="21" Y="479"/>
        <UsageCount Value="25"/>
      </Unit8>
      <Unit9>
        <Filename Value="..\lse_kernel.pas"/>
        <UnitName Value="lse_kernel"/>
        <EditorIndex Value="3"/>
        <WindowIndex Value="0"/>
        <TopLine Value="7018"/>
        <CursorPos X="3" Y="7022"/>
        <UsageCount Value="10"/>
        <Loaded Value="True"/>
      </Unit9>
    </Units>
    <JumpHistory Count="30" HistoryIndex="29">
      <Position1>
        <Filename Value="lysee_strutils.lpr"/>
        <Caret Line="61" Column="23" TopLine="46"/>
      </Position1>
      <Position2>
        <Filename Value="..\lseu.pas"/>
        <Caret Line="541" Column="15" TopLine="529"/>
      </Position2>
      <Position3>
        <Filename Value="lysee_strutils_funcs.pas"/>
        <Caret Line="721" Column="18" TopLine="701"/>
      </Position3>
      <Position4>
        <Filename Value="lysee_strutils_funcs.pas"/>
        <Caret Line="37" Column="1" TopLine="37"/>
      </Position4>
      <Position5>
        <Filename Value="lysee_strutils_funcs.pas"/>
        <Caret Line="727" Column="24" TopLine="709"/>
      </Position5>
      <Position6>
        <Filename Value="lysee_strutils_funcs.pas"/>
        <Caret Line="742" Column="38" TopLine="720"/>
      </Position6>
      <Position7>
        <Filename Value="..\lseu.pas"/>
        <Caret Line="908" Column="11" TopLine="894"/>
      </Position7>
      <Position8>
        <Filename Value="..\lseu.pas"/>
        <Caret Line="1" Column="1" TopLine="1"/>
      </Position8>
      <Position9>
        <Filename Value="..\lseu.pas"/>
        <Caret Line="219" Column="46" TopLine="199"/>
      </Position9>
      <Position10>
        <Filename Value="..\lseu.pas"/>
        <Caret Line="220" Column="46" TopLine="200"/>
      </Position10>
      <Position11>
        <Filename Value="..\lseu.pas"/>
        <Caret Line="221" Column="46" TopLine="201"/>
      </Position11>
      <Position12>
        <Filename Value="..\lseu.pas"/>
        <Caret Line="672" Column="33" TopLine="652"/>
      </Position12>
      <Position13>
        <Filename Value="..\lseu.pas"/>
        <Caret Line="572" Column="15" TopLine="548"/>
      </Position13>
      <Position14>
        <Filename Value="..\lse_kernel.pas"/>
        <Caret Line="1" Column="1" TopLine="1"/>
      </Position14>
      <Position15>
        <Filename Value="..\lse_kernel.pas"/>
        <Caret Line="1847" Column="33" TopLine="1829"/>
      </Position15>
      <Position16>
        <Filename Value="..\lseu.pas"/>
        <Caret Line="241" Column="1" TopLine="241"/>
      </Position16>
      <Position17>
        <Filename Value="..\lseu.pas"/>
        <Caret Line="85" Column="1" TopLine="85"/>
      </Position17>
      <Position18>
        <Filename Value="lysee_strutils_funcs.pas"/>
        <Caret Line="764" Column="35" TopLine="744"/>
      </Position18>
      <Position19>
        <Filename Value="lysee_strutils_funcs.pas"/>
        <Caret Line="29" Column="21" TopLine="17"/>
      </Position19>
      <Position20>
        <Filename Value="lysee_strutils_funcs.pas"/>
        <Caret Line="40" Column="44" TopLine="20"/>
      </Position20>
      <Position21>
        <Filename Value="lysee_strutils_funcs.pas"/>
        <Caret Line="786" Column="1" TopLine="786"/>
      </Position21>
      <Position22>
        <Filename Value="..\lseu.pas"/>
        <Caret Line="612" Column="1" TopLine="600"/>
      </Position22>
      <Position23>
        <Filename Value="..\lseu.pas"/>
        <Caret Line="1" Column="1" TopLine="1"/>
      </Position23>
      <Position24>
        <Filename Value="lysee_strutils_funcs.pas"/>
        <Caret Line="384" Column="21" TopLine="360"/>
      </Position24>
      <Position25>
        <Filename Value="lysee_strutils_funcs.pas"/>
        <Caret Line="400" Column="3" TopLine="388"/>
      </Position25>
      <Position26>
        <Filename Value="lysee_strutils_funcs.pas"/>
        <Caret Line="1093" Column="28" TopLine="1081"/>
      </Position26>
      <Position27>
        <Filename Value="lysee_strutils_funcs.pas"/>
        <Caret Line="368" Column="17" TopLine="365"/>
      </Position27>
      <Position28>
        <Filename Value="lysee_strutils.lpr"/>
        <Caret Line="2" Column="30" TopLine="1"/>
      </Position28>
      <Position29>
        <Filename Value="..\lseu.pas"/>
        <Caret Line="227" Column="1" TopLine="205"/>
      </Position29>
      <Position30>
        <Filename Value="..\lseu.pas"/>
        <Caret Line="121" Column="1" TopLine="121"/>
      </Position30>
    </JumpHistory>
  </ProjectOptions>
  <CompilerOptions>
    <Version Value="9"/>
    <PathDelim Value="\"/>
    <SearchPaths>
      <OtherUnitFiles Value=".."/>
    </SearchPaths>
    <Parsing>
      <SyntaxOptions>
        <CStyleOperator Value="False"/>
        <UseAnsiStrings Value="False"/>
      </SyntaxOptions>
    </Parsing>
    <CodeGeneration>
      <SmartLinkUnit Value="True"/>
      <Optimizations>
        <VariablesInRegisters Value="True"/>
        <OptimizationLevel Value="2"/>
      </Optimizations>
    </CodeGeneration>
    <Linking>
      <Debugging>
        <UseLineInfoUnit Value="False"/>
        <StripSymbols Value="True"/>
      </Debugging>
      <LinkSmart Value="True"/>
      <Options>
        <ExecutableType Value="Library"/>
      </Options>
    </Linking>
    <Other>
      <WriteFPCLogo Value="False"/>
      <CompilerPath Value="$(CompPath)"/>
    </Other>
  </CompilerOptions>
  <Debugging>
    <Exceptions Count="2">
      <Item1>
        <Name Value="ECodetoolError"/>
      </Item1>
      <Item2>
        <Name Value="EFOpenError"/>
      </Item2>
    </Exceptions>
  </Debugging>
</CONFIG>
