<?xml version="1.0"?>
<CONFIG>
  <ProjectOptions>
    <Version Value="9"/>
    <PathDelim Value="\"/>
    <General>
      <Flags>
        <LRSInOutputDirectory Value="False"/>
      </Flags>
      <MainUnit Value="0"/>
      <Title Value="lysee_strutils"/>
      <ActiveWindowIndexAtStart Value="0"/>
    </General>
    <VersionInfo>
      <UseVersionInfo Value="True"/>
      <AutoIncrementBuild Value="True"/>
      <MajorVersionNr Value="1"/>
      <MinorVersionNr Value="2"/>
      <RevisionNr Value="1"/>
      <BuildNr Value="393"/>
      <StringTable FileDescription="string processing objects" LegalCopyright="Copyright (C) 2003-2010 li yun jie <libudi@hotmail.com>" ProductVersion="1.1.1.306"/>
    </VersionInfo>
    <BuildModes Count="1">
      <Item1 Name="default" Default="True"/>
    </BuildModes>
    <PublishOptions>
      <Version Value="2"/>
      <DestinationDirectory Value="$(TestDir)\publishedproject\"/>
      <IgnoreBinaries Value="False"/>
      <IncludeFileFilter Value="*.(pas|pp|inc|lfm|lpr|lrs|lpi|lpk|sh|xml)"/>
      <ExcludeFileFilter Value="*.(bak|ppu|ppw|o|so);*~;backup"/>
    </PublishOptions>
    <RunParams>
      <local>
        <FormatVersion Value="1"/>
        <LaunchingApplication PathPlusParams="\usr\X11R6\bin\xterm -T 'Lazarus Run Output' -e $(LazarusDir)\tools\runwait.sh $(TargetCmdLine)"/>
      </local>
    </RunParams>
    <Units Count="10">
      <Unit0>
        <Filename Value="lysee_strutils.lpr"/>
        <IsPartOfProject Value="True"/>
        <UnitName Value="lysee_strutils"/>
        <EditorIndex Value="0"/>
        <WindowIndex Value="0"/>
        <TopLine Value="10"/>
        <CursorPos X="1" Y="24"/>
        <UsageCount Value="26"/>
        <Loaded Value="True"/>
        <LoadedDesigner Value="True"/>
      </Unit0>
      <Unit1>
        <Filename Value="..\fpc\dbv\ib.pp"/>
        <UnitName Value="ib"/>
        <TopLine Value="51"/>
        <CursorPos X="17" Y="79"/>
        <UsageCount Value="20"/>
      </Unit1>
      <Unit2>
        <Filename Value="..\lseu.pas"/>
        <IsPartOfProject Value="True"/>
        <UnitName Value="lseu"/>
        <EditorIndex Value="2"/>
        <WindowIndex Value="0"/>
        <TopLine Value="225"/>
        <CursorPos X="1" Y="250"/>
        <UsageCount Value="26"/>
        <Loaded Value="True"/>
      </Unit2>
      <Unit3>
        <Filename Value="..\lse_dbu.pas"/>
        <UnitName Value="lse_dbu"/>
        <TopLine Value="130"/>
        <CursorPos X="70" Y="129"/>
        <UsageCount Value="20"/>
      </Unit3>
      <Unit4>
        <Filename Value="..\fpc\dbv\body.inc"/>
        <TopLine Value="80"/>
        <CursorPos X="23" Y="94"/>
        <UsageCount Value="10"/>
      </Unit4>
      <Unit5>
        <Filename Value="..\fpc\dbv\head.inc"/>
        <TopLine Value="6"/>
        <CursorPos X="1" Y="13"/>
        <UsageCount Value="10"/>
      </Unit5>
      <Unit6>
        <Filename Value="lysee_syncobj_funcs.pas"/>
        <UnitName Value="lysee_syncobj_funcs"/>
        <TopLine Value="80"/>
        <CursorPos X="25" Y="107"/>
        <UsageCount Value="20"/>
      </Unit6>
      <Unit7>
        <Filename Value="lysee_strutils_funcs.pas"/>
        <IsPartOfProject Value="True"/>
        <UnitName Value="lysee_strutils_funcs"/>
        <IsVisibleTab Value="True"/>
        <EditorIndex Value="1"/>
        <WindowIndex Value="0"/>
        <TopLine Value="342"/>
        <CursorPos X="31" Y="360"/>
        <UsageCount Value="26"/>
        <Loaded Value="True"/>
      </Unit7>
      <Unit8>
        <Filename Value="..\lse_funcs.pas"/>
        <IsPartOfProject Value="True"/>
        <UnitName Value="lse_funcs"/>
        <TopLine Value="473"/>
        <CursorPos X="21" Y="479"/>
        <UsageCount Value="26"/>
      </Unit8>
      <Unit9>
        <Filename Value="..\lse_kernel.pas"/>
        <UnitName Value="lse_kernel"/>
        <EditorIndex Value="3"/>
        <WindowIndex Value="0"/>
        <TopLine Value="7018"/>
        <CursorPos X="3" Y="7022"/>
        <UsageCount Value="10"/>
        <Loaded Value="True"/>
      </Unit9>
    </Units>
    <JumpHistory Count="30" HistoryIndex="29">
      <Position1>
        <Filename Value="lysee_strutils_funcs.pas"/>
        <Caret Line="797" Column="30" TopLine="785"/>
      </Position1>
      <Position2>
        <Filename Value="lysee_strutils_funcs.pas"/>
        <Caret Line="177" Column="20" TopLine="169"/>
      </Position2>
      <Position3>
        <Filename Value="lysee_strutils_funcs.pas"/>
        <Caret Line="61" Column="1" TopLine="61"/>
      </Position3>
      <Position4>
        <Filename Value="lysee_strutils_funcs.pas"/>
        <Caret Line="1452" Column="1" TopLine="1428"/>
      </Position4>
      <Position5>
        <Filename Value="lysee_strutils_funcs.pas"/>
        <Caret Line="7" Column="26" TopLine="1"/>
      </Position5>
      <Position6>
        <Filename Value="lysee_strutils_funcs.pas"/>
        <Caret Line="146" Column="22" TopLine="126"/>
      </Position6>
      <Position7>
        <Filename Value="lysee_strutils_funcs.pas"/>
        <Caret Line="253" Column="26" TopLine="233"/>
      </Position7>
      <Position8>
        <Filename Value="lysee_strutils_funcs.pas"/>
        <Caret Line="254" Column="29" TopLine="239"/>
      </Position8>
      <Position9>
        <Filename Value="lysee_strutils_funcs.pas"/>
        <Caret Line="892" Column="34" TopLine="887"/>
      </Position9>
      <Position10>
        <Filename Value="lysee_strutils_funcs.pas"/>
        <Caret Line="1291" Column="31" TopLine="1283"/>
      </Position10>
      <Position11>
        <Filename Value="lysee_strutils_funcs.pas"/>
        <Caret Line="63" Column="5" TopLine="49"/>
      </Position11>
      <Position12>
        <Filename Value="lysee_strutils_funcs.pas"/>
        <Caret Line="1" Column="1" TopLine="1"/>
      </Position12>
      <Position13>
        <Filename Value="lysee_strutils_funcs.pas"/>
        <Caret Line="260" Column="24" TopLine="241"/>
      </Position13>
      <Position14>
        <Filename Value="lysee_strutils_funcs.pas"/>
        <Caret Line="265" Column="22" TopLine="245"/>
      </Position14>
      <Position15>
        <Filename Value="lysee_strutils_funcs.pas"/>
        <Caret Line="269" Column="22" TopLine="249"/>
      </Position15>
      <Position16>
        <Filename Value="lysee_strutils_funcs.pas"/>
        <Caret Line="297" Column="22" TopLine="277"/>
      </Position16>
      <Position17>
        <Filename Value="lysee_strutils_funcs.pas"/>
        <Caret Line="301" Column="22" TopLine="281"/>
      </Position17>
      <Position18>
        <Filename Value="lysee_strutils_funcs.pas"/>
        <Caret Line="1" Column="1" TopLine="1"/>
      </Position18>
      <Position19>
        <Filename Value="lysee_strutils_funcs.pas"/>
        <Caret Line="142" Column="26" TopLine="122"/>
      </Position19>
      <Position20>
        <Filename Value="lysee_strutils_funcs.pas"/>
        <Caret Line="150" Column="32" TopLine="130"/>
      </Position20>
      <Position21>
        <Filename Value="lysee_strutils_funcs.pas"/>
        <Caret Line="691" Column="15" TopLine="671"/>
      </Position21>
      <Position22>
        <Filename Value="lysee_strutils_funcs.pas"/>
        <Caret Line="171" Column="25" TopLine="147"/>
      </Position22>
      <Position23>
        <Filename Value="lysee_strutils_funcs.pas"/>
        <Caret Line="325" Column="23" TopLine="312"/>
      </Position23>
      <Position24>
        <Filename Value="..\lseu.pas"/>
        <Caret Line="1092" Column="3" TopLine="1088"/>
      </Position24>
      <Position25>
        <Filename Value="..\lseu.pas"/>
        <Caret Line="1" Column="1" TopLine="1"/>
      </Position25>
      <Position26>
        <Filename Value="lysee_strutils_funcs.pas"/>
        <Caret Line="332" Column="23" TopLine="318"/>
      </Position26>
      <Position27>
        <Filename Value="lysee_strutils_funcs.pas"/>
        <Caret Line="331" Column="33" TopLine="319"/>
      </Position27>
      <Position28>
        <Filename Value="lysee_strutils_funcs.pas"/>
        <Caret Line="335" Column="23" TopLine="321"/>
      </Position28>
      <Position29>
        <Filename Value="lysee_strutils_funcs.pas"/>
        <Caret Line="337" Column="31" TopLine="325"/>
      </Position29>
      <Position30>
        <Filename Value="lysee_strutils_funcs.pas"/>
        <Caret Line="358" Column="1" TopLine="333"/>
      </Position30>
    </JumpHistory>
  </ProjectOptions>
  <CompilerOptions>
    <Version Value="9"/>
    <PathDelim Value="\"/>
    <SearchPaths>
      <OtherUnitFiles Value=".."/>
    </SearchPaths>
    <Parsing>
      <SyntaxOptions>
        <CStyleOperator Value="False"/>
        <UseAnsiStrings Value="False"/>
      </SyntaxOptions>
    </Parsing>
    <CodeGeneration>
      <SmartLinkUnit Value="True"/>
      <Optimizations>
        <VariablesInRegisters Value="True"/>
        <OptimizationLevel Value="2"/>
      </Optimizations>
    </CodeGeneration>
    <Linking>
      <Debugging>
        <UseLineInfoUnit Value="False"/>
        <StripSymbols Value="True"/>
      </Debugging>
      <LinkSmart Value="True"/>
      <Options>
        <ExecutableType Value="Library"/>
      </Options>
    </Linking>
    <Other>
      <WriteFPCLogo Value="False"/>
      <CompilerPath Value="$(CompPath)"/>
    </Other>
  </CompilerOptions>
  <Debugging>
    <Exceptions Count="2">
      <Item1>
        <Name Value="ECodetoolError"/>
      </Item1>
      <Item2>
        <Name Value="EFOpenError"/>
      </Item2>
    </Exceptions>
  </Debugging>
</CONFIG>
