<?xml version="1.0"?>
<CONFIG>
  <ProjectOptions>
    <PathDelim Value="\"/>
    <Version Value="7"/>
    <General>
      <MainUnit Value="0"/>
      <TargetFileExt Value=".exe"/>
      <Title Value="testlp"/>
      <Icon Value="0"/>
      <UseXPManifest Value="True"/>
      <ActiveEditorIndexAtStart Value="0"/>
    </General>
    <VersionInfo>
      <ProjectVersion Value=""/>
      <Language Value=""/>
      <CharSet Value=""/>
    </VersionInfo>
    <PublishOptions>
      <Version Value="2"/>
      <IgnoreBinaries Value="False"/>
      <IncludeFileFilter Value="*.(pas|pp|inc|lfm|lpr|lrs|lpi|lpk|sh|xml)"/>
      <ExcludeFileFilter Value="*.(bak|ppu|ppw|o|so);*~;backup"/>
    </PublishOptions>
    <RunParams>
      <local>
        <FormatVersion Value="1"/>
        <LaunchingApplication PathPlusParams="/usr/X11R6/bin/xterm -T 'Lazarus Run Output' -e $(LazarusDir)/tools/runwait.sh $(TargetCmdLine)"/>
      </local>
    </RunParams>
    <RequiredPackages Count="3">
      <Item1>
        <PackageName Value="SynEdit"/>
        <MinVersion Major="1" Valid="True"/>
      </Item1>
      <Item2>
        <PackageName Value="lysee_laz"/>
        <MinVersion Minor="2" Release="1" Valid="True"/>
      </Item2>
      <Item3>
        <PackageName Value="LCL"/>
      </Item3>
    </RequiredPackages>
    <Units Count="45">
      <Unit0>
        <Filename Value="testlp.lpr"/>
        <IsPartOfProject Value="True"/>
        <UnitName Value="testlp"/>
        <CursorPos X="1" Y="8"/>
        <TopLine Value="1"/>
        <UsageCount Value="64"/>
      </Unit0>
      <Unit1>
        <Filename Value="frmtestlp.pas"/>
        <IsPartOfProject Value="True"/>
        <ComponentName Value="TestlpForm"/>
        <ResourceBaseClass Value="Form"/>
        <UnitName Value="frmTestlp"/>
        <CursorPos X="43" Y="9"/>
        <TopLine Value="1"/>
        <EditorIndex Value="0"/>
        <UsageCount Value="64"/>
        <Loaded Value="True"/>
      </Unit1>
      <Unit2>
        <Filename Value="..\..\lseobj.pas"/>
        <UnitName Value="lseobj"/>
        <CursorPos X="68" Y="38"/>
        <TopLine Value="38"/>
        <UsageCount Value="11"/>
      </Unit2>
      <Unit3>
        <Filename Value="..\..\lseu.pas"/>
        <UnitName Value="lseu"/>
        <CursorPos X="1" Y="1"/>
        <TopLine Value="1"/>
        <UsageCount Value="20"/>
      </Unit3>
      <Unit4>
        <Filename Value="..\..\..\..\..\Developments\lazarus\fpc\2.2.4\source\rtl\objpas\classes\classesh.inc"/>
        <CursorPos X="1" Y="508"/>
        <TopLine Value="484"/>
        <UsageCount Value="12"/>
      </Unit4>
      <Unit5>
        <Filename Value="..\..\lse_components.pas"/>
        <UnitName Value="lse_components"/>
        <CursorPos X="3" Y="335"/>
        <TopLine Value="331"/>
        <UsageCount Value="22"/>
      </Unit5>
      <Unit6>
        <Filename Value="..\..\..\..\..\Developments\lazarus\lcl\stdctrls.pp"/>
        <UnitName Value="StdCtrls"/>
        <CursorPos X="15" Y="539"/>
        <TopLine Value="527"/>
        <UsageCount Value="10"/>
      </Unit6>
      <Unit7>
        <Filename Value="..\..\..\..\..\Developments\lazarus\lcl\include\custommemo.inc"/>
        <CursorPos X="3" Y="115"/>
        <TopLine Value="113"/>
        <UsageCount Value="10"/>
      </Unit7>
      <Unit8>
        <Filename Value="..\..\lse_kernel.pas"/>
        <UnitName Value="lse_kernel"/>
        <CursorPos X="1" Y="11416"/>
        <TopLine Value="11404"/>
        <UsageCount Value="15"/>
      </Unit8>
      <Unit9>
        <Filename Value="..\..\package\utest.lfm"/>
        <CursorPos X="24" Y="804"/>
        <TopLine Value="780"/>
        <UsageCount Value="10"/>
        <SyntaxHighlighter Value="LFM"/>
      </Unit9>
      <Unit10>
        <Filename Value="..\..\..\..\..\Developments\lazarus\components\synedit\synedit.pp"/>
        <UnitName Value="SynEdit"/>
        <CursorPos X="1" Y="1520"/>
        <TopLine Value="1507"/>
        <UsageCount Value="10"/>
      </Unit10>
      <Unit11>
        <Filename Value="..\..\..\..\..\Developments\lazarus\components\synedit\synedittextbase.pas"/>
        <UnitName Value="SynEditTextBase"/>
        <CursorPos X="15" Y="120"/>
        <TopLine Value="103"/>
        <UsageCount Value="10"/>
      </Unit11>
      <Unit12>
        <Filename Value="..\..\..\..\..\Developments\lazarus\fpc\2.2.4\source\rtl\objpas\classes\compon.inc"/>
        <CursorPos X="1" Y="508"/>
        <TopLine Value="484"/>
        <UsageCount Value="12"/>
      </Unit12>
      <Unit13>
        <Filename Value="..\..\..\..\..\Developments\lazarus\fpc\2.2.4\source\rtl\objpas\classes\lists.inc"/>
        <CursorPos X="5" Y="869"/>
        <TopLine Value="857"/>
        <UsageCount Value="11"/>
      </Unit13>
      <Unit14>
        <Filename Value="..\..\lse_symbol.pas"/>
        <UnitName Value="lse_symbol"/>
        <CursorPos X="3" Y="507"/>
        <TopLine Value="503"/>
        <UsageCount Value="13"/>
      </Unit14>
      <Unit15>
        <Filename Value="..\..\lysee_laz.lrs"/>
        <CursorPos X="1" Y="83"/>
        <TopLine Value="59"/>
        <UsageCount Value="10"/>
      </Unit15>
      <Unit16>
        <Filename Value="..\..\..\..\..\Developments\lazarus\components\sqldb\sqlstringspropertyeditordlg.lrs"/>
        <CursorPos X="1" Y="205"/>
        <TopLine Value="204"/>
        <UsageCount Value="10"/>
      </Unit16>
      <Unit17>
        <Filename Value="..\..\..\..\..\Developments\lazarus\components\printers\printersdlgs.lrs"/>
        <CursorPos X="1" Y="1"/>
        <TopLine Value="70"/>
        <UsageCount Value="10"/>
      </Unit17>
      <Unit18>
        <Filename Value="..\..\..\..\..\Developments\lazarus\components\printers\unix\jobsimglist.lrs"/>
        <CursorPos X="1" Y="1"/>
        <TopLine Value="1"/>
        <UsageCount Value="10"/>
      </Unit18>
      <Unit19>
        <Filename Value="..\..\..\..\..\Developments\lazarus\lcl\lresources.pp"/>
        <UnitName Value="LResources"/>
        <CursorPos X="1" Y="157"/>
        <TopLine Value="157"/>
        <UsageCount Value="10"/>
      </Unit19>
      <Unit20>
        <Filename Value="..\..\..\..\..\Developments\lazarus\lcl\dialogs.pp"/>
        <UnitName Value="Dialogs"/>
        <CursorPos X="1" Y="493"/>
        <TopLine Value="493"/>
        <UsageCount Value="10"/>
      </Unit20>
      <Unit21>
        <Filename Value="..\..\lysee_laz.pas"/>
        <UnitName Value="lysee_laz"/>
        <CursorPos X="1" Y="1"/>
        <TopLine Value="1"/>
        <UsageCount Value="10"/>
      </Unit21>
      <Unit22>
        <Filename Value="frmtestlp.lfm"/>
        <CursorPos X="1" Y="711"/>
        <TopLine Value="711"/>
        <UsageCount Value="10"/>
        <SyntaxHighlighter Value="LFM"/>
      </Unit22>
      <Unit23>
        <Filename Value="..\..\..\..\..\Developments\lazarus\ideintf\componenteditors.pas"/>
        <UnitName Value="ComponentEditors"/>
        <CursorPos X="1" Y="1"/>
        <TopLine Value="1"/>
        <UsageCount Value="10"/>
      </Unit23>
      <Unit24>
        <Filename Value="..\..\..\..\..\Developments\lazarus\ideintf\actionseditor.pas"/>
        <ComponentName Value="ActionListEditor"/>
        <HasResources Value="True"/>
        <ResourceBaseClass Value="Form"/>
        <UnitName Value="ActionsEditor"/>
        <CursorPos X="1" Y="149"/>
        <TopLine Value="136"/>
        <UsageCount Value="10"/>
      </Unit24>
      <Unit25>
        <Filename Value="..\..\..\..\..\Developments\lazarus\fpc\2.2.4\source\packages\fcl-base\src\contnrs.pp"/>
        <UnitName Value="contnrs"/>
        <CursorPos X="3" Y="86"/>
        <TopLine Value="72"/>
        <UsageCount Value="10"/>
      </Unit25>
      <Unit26>
        <Filename Value="..\..\..\..\..\Developments\lazarus\ideintf\actionseditor.lrs"/>
        <CursorPos X="1" Y="1"/>
        <TopLine Value="1"/>
        <UsageCount Value="10"/>
      </Unit26>
      <Unit27>
        <Filename Value="..\..\lysee_class_editor.pas"/>
        <ComponentName Value="LyseeClassEditor"/>
        <HasResources Value="True"/>
        <ResourceBaseClass Value="Form"/>
        <UnitName Value="lysee_class_editor"/>
        <CursorPos X="45" Y="7"/>
        <TopLine Value="1"/>
        <UsageCount Value="13"/>
        <Bookmarks Count="1">
          <Item0 X="3" Y="382" ID="0"/>
        </Bookmarks>
      </Unit27>
      <Unit28>
        <Filename Value="..\..\..\..\..\Developments\lazarus\lcl\actnlist.pas"/>
        <UnitName Value="ActnList"/>
        <CursorPos X="31" Y="330"/>
        <TopLine Value="318"/>
        <UsageCount Value="10"/>
      </Unit28>
      <Unit29>
        <Filename Value="..\..\..\..\..\Developments\lazarus\ideintf\objinspstrconsts.pas"/>
        <UnitName Value="ObjInspStrConsts"/>
        <CursorPos X="3" Y="226"/>
        <TopLine Value="214"/>
        <UsageCount Value="10"/>
      </Unit29>
      <Unit30>
        <Filename Value="..\..\..\..\..\Developments\lazarus\lcl\lclproc.pas"/>
        <UnitName Value="LCLProc"/>
        <CursorPos X="3" Y="1331"/>
        <TopLine Value="1329"/>
        <UsageCount Value="10"/>
      </Unit30>
      <Unit31>
        <Filename Value="..\..\..\..\..\Developments\lazarus\lcl\forms.pp"/>
        <UnitName Value="Forms"/>
        <CursorPos X="3" Y="1502"/>
        <TopLine Value="1490"/>
        <UsageCount Value="10"/>
      </Unit31>
      <Unit32>
        <Filename Value="..\..\..\..\..\Developments\lazarus\ideintf\propedits.pp"/>
        <UnitName Value="PropEdits"/>
        <CursorPos X="3" Y="1084"/>
        <TopLine Value="1072"/>
        <UsageCount Value="10"/>
      </Unit32>
      <Unit33>
        <Filename Value="..\..\..\..\..\Developments\lazarus\lcl\include\customlistbox.inc"/>
        <CursorPos X="3" Y="624"/>
        <TopLine Value="622"/>
        <UsageCount Value="10"/>
      </Unit33>
      <Unit34>
        <Filename Value="..\..\lysee_class_editor.lrs"/>
        <CursorPos X="68" Y="11"/>
        <TopLine Value="1"/>
        <UsageCount Value="10"/>
      </Unit34>
      <Unit35>
        <Filename Value="..\..\..\..\..\Developments\lazarus\fpc\2.2.4\source\rtl\objpas\classes\cregist.inc"/>
        <CursorPos X="3" Y="174"/>
        <TopLine Value="168"/>
        <UsageCount Value="10"/>
      </Unit35>
      <Unit36>
        <Filename Value="..\..\lse_module_editor.pas"/>
        <ComponentName Value="LyseeModuleEditor"/>
        <HasResources Value="True"/>
        <ResourceBaseClass Value="Form"/>
        <UnitName Value="lse_module_editor"/>
        <CursorPos X="47" Y="400"/>
        <TopLine Value="395"/>
        <UsageCount Value="11"/>
      </Unit36>
      <Unit37>
        <Filename Value="..\..\lse_components.lrs"/>
        <CursorPos X="1" Y="54"/>
        <TopLine Value="30"/>
        <UsageCount Value="10"/>
      </Unit37>
      <Unit38>
        <Filename Value="..\..\lse_funcs.pas"/>
        <UnitName Value="lse_funcs"/>
        <CursorPos X="3" Y="2227"/>
        <TopLine Value="2225"/>
        <UsageCount Value="10"/>
      </Unit38>
      <Unit39>
        <Filename Value="..\..\lse_class_editor.pas"/>
        <ComponentName Value="LyseeClassEditor"/>
        <HasResources Value="True"/>
        <ResourceBaseClass Value="Form"/>
        <UnitName Value="lse_class_editor"/>
        <CursorPos X="31" Y="280"/>
        <TopLine Value="278"/>
        <UsageCount Value="10"/>
      </Unit39>
      <Unit40>
        <Filename Value="..\..\..\..\..\Developments\lazarus\packager\registration\lazaruspackageintf.pas"/>
        <UnitName Value="LazarusPackageIntf"/>
        <CursorPos X="3" Y="38"/>
        <TopLine Value="26"/>
        <UsageCount Value="10"/>
      </Unit40>
      <Unit41>
        <Filename Value="..\..\..\..\..\Developments\lazarus\lcl\comctrls.pp"/>
        <UnitName Value="ComCtrls"/>
        <CursorPos X="14" Y="2097"/>
        <TopLine Value="2083"/>
        <UsageCount Value="10"/>
      </Unit41>
      <Unit42>
        <Filename Value="..\..\..\..\..\Developments\lazarus\lcl\include\treeview.inc"/>
        <CursorPos X="3" Y="1964"/>
        <TopLine Value="1960"/>
        <UsageCount Value="10"/>
      </Unit42>
      <Unit43>
        <Filename Value="..\..\..\..\..\Developments\lazarus\ideintf\listviewpropedit.pp"/>
        <ComponentName Value="ListViewItemsEditorForm"/>
        <HasResources Value="True"/>
        <ResourceBaseClass Value="Form"/>
        <UnitName Value="ListViewPropEdit"/>
        <CursorPos X="1" Y="1"/>
        <TopLine Value="1"/>
        <UsageCount Value="10"/>
      </Unit43>
      <Unit44>
        <Filename Value="..\..\lse_module_editor.lfm"/>
        <CursorPos X="1" Y="1"/>
        <TopLine Value="50"/>
        <UsageCount Value="10"/>
        <SyntaxHighlighter Value="LFM"/>
      </Unit44>
    </Units>
    <JumpHistory Count="7" HistoryIndex="6">
      <Position1>
        <Filename Value="frmtestlp.pas"/>
        <Caret Line="122" Column="38" TopLine="119"/>
      </Position1>
      <Position2>
        <Filename Value="frmtestlp.pas"/>
        <Caret Line="134" Column="69" TopLine="119"/>
      </Position2>
      <Position3>
        <Filename Value="frmtestlp.pas"/>
        <Caret Line="121" Column="3" TopLine="119"/>
      </Position3>
      <Position4>
        <Filename Value="frmtestlp.pas"/>
        <Caret Line="121" Column="3" TopLine="119"/>
      </Position4>
      <Position5>
        <Filename Value="frmtestlp.pas"/>
        <Caret Line="121" Column="3" TopLine="119"/>
      </Position5>
      <Position6>
        <Filename Value="frmtestlp.pas"/>
        <Caret Line="121" Column="1" TopLine="109"/>
      </Position6>
      <Position7>
        <Filename Value="frmtestlp.pas"/>
        <Caret Line="9" Column="43" TopLine="1"/>
      </Position7>
    </JumpHistory>
  </ProjectOptions>
  <CompilerOptions>
    <Version Value="8"/>
    <PathDelim Value="\"/>
    <SearchPaths>
      <IncludeFiles Value="$(ProjOutDir)\"/>
    </SearchPaths>
    <Linking>
      <Options>
        <Win32>
          <GraphicApplication Value="True"/>
        </Win32>
      </Options>
    </Linking>
    <Other>
      <CompilerPath Value="$(CompPath)"/>
    </Other>
  </CompilerOptions>
  <Debugging>
    <Exceptions Count="3">
      <Item1>
        <Name Value="EAbort"/>
      </Item1>
      <Item2>
        <Name Value="ECodetoolError"/>
      </Item2>
      <Item3>
        <Name Value="EFOpenError"/>
      </Item3>
    </Exceptions>
  </Debugging>
</CONFIG>
